
Microsoft Visual Studio Solution File, Format Version 12.00
# Visual Studio 15
VisualStudioVersion = 15.0.28307.421
MinimumVisualStudioVersion = 10.0.40219.1
Project("{FAE04EC0-301F-11D3-BF4B-00C04F79EFBC}") = "P01ArrivingInKathmandu", "P01ArrivingInKathmandu\P01ArrivingInKathmandu.csproj", "{ABDA1657-CFC0-482A-89DF-379E593492B7}"
EndProject
Project("{2150E333-8FDC-42A3-9474-1A3956D46DE8}") = "Solution Items", "Solution Items", "{A2C3F686-2197-401F-8271-8B6434D40A6B}"
	ProjectSection(SolutionItems) = preProject
		01. Arriving in Kathmandu_01. Arriving in Kathmandu.docx = 01. Arriving in Kathmandu_01. Arriving in Kathmandu.docx
		02. On the Way to Annapurna_02. On the Way to Annapurna.docx = 02. On the Way to Annapurna_02. On the Way to Annapurna.docx
		03. Rescue Register_03. Rescue_Register.docx = 03. Rescue Register_03. Rescue_Register.docx
		03. Rescue Register_Skeleton_CSharp.zip = 03. Rescue Register_Skeleton_CSharp.zip
	EndProjectSection
EndProject
Project("{FAE04EC0-301F-11D3-BF4B-00C04F79EFBC}") = "P02OnTheWayToAnnapurna", "P02OnTheWayToAnnapurna\P02OnTheWayToAnnapurna.csproj", "{6EAC218F-AB9B-44E6-AE97-29F2FEB8622F}"
EndProject
Global
	GlobalSection(SolutionConfigurationPlatforms) = preSolution
		Debug|Any CPU = Debug|Any CPU
		Release|Any CPU = Release|Any CPU
	EndGlobalSection
	GlobalSection(ProjectConfigurationPlatforms) = postSolution
		{ABDA1657-CFC0-482A-89DF-379E593492B7}.Debug|Any CPU.ActiveCfg = Debug|Any CPU
		{ABDA1657-CFC0-482A-89DF-379E593492B7}.Debug|Any CPU.Build.0 = Debug|Any CPU
		{ABDA1657-CFC0-482A-89DF-379E593492B7}.Release|Any CPU.ActiveCfg = Release|Any CPU
		{ABDA1657-CFC0-482A-89DF-379E593492B7}.Release|Any CPU.Build.0 = Release|Any CPU
		{6EAC218F-AB9B-44E6-AE97-29F2FEB8622F}.Debug|Any CPU.ActiveCfg = Debug|Any CPU
		{6EAC218F-AB9B-44E6-AE97-29F2FEB8622F}.Debug|Any CPU.Build.0 = Debug|Any CPU
		{6EAC218F-AB9B-44E6-AE97-29F2FEB8622F}.Release|Any CPU.ActiveCfg = Release|Any CPU
		{6EAC218F-AB9B-44E6-AE97-29F2FEB8622F}.Release|Any CPU.Build.0 = Release|Any CPU
	EndGlobalSection
	GlobalSection(SolutionProperties) = preSolution
		HideSolutionNode = FALSE
	EndGlobalSection
	GlobalSection(ExtensibilityGlobals) = postSolution
		SolutionGuid = {3C15F597-A582-4BA4-8710-85AEAF73C1F7}
	EndGlobalSection
EndGlobal
