
Microsoft Visual Studio Solution File, Format Version 12.00
# Visual Studio 15
VisualStudioVersion = 15.0.28307.421
MinimumVisualStudioVersion = 10.0.40219.1
Project("{FAE04EC0-301F-11D3-BF4B-00C04F79EFBC}") = "P01SpringVacationTrip", "P01SpringVacationTrip\P01SpringVacationTrip.csproj", "{FDB6851E-671C-4A69-8CF6-88C7D4527D59}"
EndProject
Project("{2150E333-8FDC-42A3-9474-1A3956D46DE8}") = "Solution Items", "Solution Items", "{B43A2EDE-EEE7-44C1-A1C8-39B2E9D960B5}"
	ProjectSection(SolutionItems) = preProject
		01.  Spring Vacation Trip_Условие.docx = 01.  Spring Vacation Trip_Условие.docx
		02. Hello, France_Условие.docx = 02. Hello, France_Условие.docx
		03. Last Stop_Условие.docx = 03. Last Stop_Условие.docx
	EndProjectSection
EndProject
Global
	GlobalSection(SolutionConfigurationPlatforms) = preSolution
		Debug|Any CPU = Debug|Any CPU
		Release|Any CPU = Release|Any CPU
	EndGlobalSection
	GlobalSection(ProjectConfigurationPlatforms) = postSolution
		{FDB6851E-671C-4A69-8CF6-88C7D4527D59}.Debug|Any CPU.ActiveCfg = Debug|Any CPU
		{FDB6851E-671C-4A69-8CF6-88C7D4527D59}.Debug|Any CPU.Build.0 = Debug|Any CPU
		{FDB6851E-671C-4A69-8CF6-88C7D4527D59}.Release|Any CPU.ActiveCfg = Release|Any CPU
		{FDB6851E-671C-4A69-8CF6-88C7D4527D59}.Release|Any CPU.Build.0 = Release|Any CPU
	EndGlobalSection
	GlobalSection(SolutionProperties) = preSolution
		HideSolutionNode = FALSE
	EndGlobalSection
	GlobalSection(ExtensibilityGlobals) = postSolution
		SolutionGuid = {54E52883-5EB3-4776-966B-22C350A7B82E}
	EndGlobalSection
EndGlobal
