
Microsoft Visual Studio Solution File, Format Version 12.00
# Visual Studio 15
VisualStudioVersion = 15.0.28307.645
MinimumVisualStudioVersion = 10.0.40219.1
Project("{FAE04EC0-301F-11D3-BF4B-00C04F79EFBC}") = "P01BasicStackOperations", "P01BasicStackOperations\P01BasicStackOperations.csproj", "{15552DE9-0EAE-4710-BEB1-AE2A55652F50}"
EndProject
Project("{2150E333-8FDC-42A3-9474-1A3956D46DE8}") = "Solution Items", "Solution Items", "{5B6C6243-56FE-4BC9-BC9E-CEFFB034C9EC}"
	ProjectSection(SolutionItems) = preProject
		01. CSharp-Advanced-Stacks-and-Queues-Exercises.docx = 01. CSharp-Advanced-Stacks-and-Queues-Exercises.docx
	EndProjectSection
EndProject
Project("{FAE04EC0-301F-11D3-BF4B-00C04F79EFBC}") = "P02BasicQueueOperations", "P02BasicQueueOperations\P02BasicQueueOperations.csproj", "{10861FE1-A63B-4BAA-95FF-E07D76951F37}"
EndProject
Project("{FAE04EC0-301F-11D3-BF4B-00C04F79EFBC}") = "P03MaximumAndMinimumElement", "P03MaximumAndMinimumElement\P03MaximumAndMinimumElement.csproj", "{1344099C-923C-4C73-9A25-0A9D79FF3853}"
EndProject
Project("{FAE04EC0-301F-11D3-BF4B-00C04F79EFBC}") = "P04FastFood", "P04FastFood\P04FastFood.csproj", "{EF13222D-91B1-4120-9B3B-B223B8548B2D}"
EndProject
Project("{FAE04EC0-301F-11D3-BF4B-00C04F79EFBC}") = "P05FashionBoutique", "P05FashionBoutique\P05FashionBoutique.csproj", "{FC4FF09B-7546-4B74-A283-16375ED1693E}"
EndProject
Project("{FAE04EC0-301F-11D3-BF4B-00C04F79EFBC}") = "P06AutoRepairAndService", "P06AutoRepairAndService\P06AutoRepairAndService.csproj", "{0BCEB22D-EA60-4660-9FEF-D45933E883D0}"
EndProject
Project("{FAE04EC0-301F-11D3-BF4B-00C04F79EFBC}") = "P07TruckTour", "P07TruckTour\P07TruckTour.csproj", "{8F5E6A01-8272-4A07-BA90-6067DEC7A8CC}"
EndProject
Project("{FAE04EC0-301F-11D3-BF4B-00C04F79EFBC}") = "P08BalancedParentheses", "P08BalancedParentheses\P08BalancedParentheses.csproj", "{79A8060A-96D9-4180-8363-0A68D340275A}"
EndProject
Project("{FAE04EC0-301F-11D3-BF4B-00C04F79EFBC}") = "P09SimpleTextEditor", "P09SimpleTextEditor\P09SimpleTextEditor.csproj", "{CDE9D657-964B-4DD5-93FA-DE2661299154}"
EndProject
Global
	GlobalSection(SolutionConfigurationPlatforms) = preSolution
		Debug|Any CPU = Debug|Any CPU
		Release|Any CPU = Release|Any CPU
	EndGlobalSection
	GlobalSection(ProjectConfigurationPlatforms) = postSolution
		{15552DE9-0EAE-4710-BEB1-AE2A55652F50}.Debug|Any CPU.ActiveCfg = Debug|Any CPU
		{15552DE9-0EAE-4710-BEB1-AE2A55652F50}.Debug|Any CPU.Build.0 = Debug|Any CPU
		{15552DE9-0EAE-4710-BEB1-AE2A55652F50}.Release|Any CPU.ActiveCfg = Release|Any CPU
		{15552DE9-0EAE-4710-BEB1-AE2A55652F50}.Release|Any CPU.Build.0 = Release|Any CPU
		{10861FE1-A63B-4BAA-95FF-E07D76951F37}.Debug|Any CPU.ActiveCfg = Debug|Any CPU
		{10861FE1-A63B-4BAA-95FF-E07D76951F37}.Debug|Any CPU.Build.0 = Debug|Any CPU
		{10861FE1-A63B-4BAA-95FF-E07D76951F37}.Release|Any CPU.ActiveCfg = Release|Any CPU
		{10861FE1-A63B-4BAA-95FF-E07D76951F37}.Release|Any CPU.Build.0 = Release|Any CPU
		{1344099C-923C-4C73-9A25-0A9D79FF3853}.Debug|Any CPU.ActiveCfg = Debug|Any CPU
		{1344099C-923C-4C73-9A25-0A9D79FF3853}.Debug|Any CPU.Build.0 = Debug|Any CPU
		{1344099C-923C-4C73-9A25-0A9D79FF3853}.Release|Any CPU.ActiveCfg = Release|Any CPU
		{1344099C-923C-4C73-9A25-0A9D79FF3853}.Release|Any CPU.Build.0 = Release|Any CPU
		{EF13222D-91B1-4120-9B3B-B223B8548B2D}.Debug|Any CPU.ActiveCfg = Debug|Any CPU
		{EF13222D-91B1-4120-9B3B-B223B8548B2D}.Debug|Any CPU.Build.0 = Debug|Any CPU
		{EF13222D-91B1-4120-9B3B-B223B8548B2D}.Release|Any CPU.ActiveCfg = Release|Any CPU
		{EF13222D-91B1-4120-9B3B-B223B8548B2D}.Release|Any CPU.Build.0 = Release|Any CPU
		{FC4FF09B-7546-4B74-A283-16375ED1693E}.Debug|Any CPU.ActiveCfg = Debug|Any CPU
		{FC4FF09B-7546-4B74-A283-16375ED1693E}.Debug|Any CPU.Build.0 = Debug|Any CPU
		{FC4FF09B-7546-4B74-A283-16375ED1693E}.Release|Any CPU.ActiveCfg = Release|Any CPU
		{FC4FF09B-7546-4B74-A283-16375ED1693E}.Release|Any CPU.Build.0 = Release|Any CPU
		{0BCEB22D-EA60-4660-9FEF-D45933E883D0}.Debug|Any CPU.ActiveCfg = Debug|Any CPU
		{0BCEB22D-EA60-4660-9FEF-D45933E883D0}.Debug|Any CPU.Build.0 = Debug|Any CPU
		{0BCEB22D-EA60-4660-9FEF-D45933E883D0}.Release|Any CPU.ActiveCfg = Release|Any CPU
		{0BCEB22D-EA60-4660-9FEF-D45933E883D0}.Release|Any CPU.Build.0 = Release|Any CPU
		{8F5E6A01-8272-4A07-BA90-6067DEC7A8CC}.Debug|Any CPU.ActiveCfg = Debug|Any CPU
		{8F5E6A01-8272-4A07-BA90-6067DEC7A8CC}.Debug|Any CPU.Build.0 = Debug|Any CPU
		{8F5E6A01-8272-4A07-BA90-6067DEC7A8CC}.Release|Any CPU.ActiveCfg = Release|Any CPU
		{8F5E6A01-8272-4A07-BA90-6067DEC7A8CC}.Release|Any CPU.Build.0 = Release|Any CPU
		{79A8060A-96D9-4180-8363-0A68D340275A}.Debug|Any CPU.ActiveCfg = Debug|Any CPU
		{79A8060A-96D9-4180-8363-0A68D340275A}.Debug|Any CPU.Build.0 = Debug|Any CPU
		{79A8060A-96D9-4180-8363-0A68D340275A}.Release|Any CPU.ActiveCfg = Release|Any CPU
		{79A8060A-96D9-4180-8363-0A68D340275A}.Release|Any CPU.Build.0 = Release|Any CPU
		{CDE9D657-964B-4DD5-93FA-DE2661299154}.Debug|Any CPU.ActiveCfg = Debug|Any CPU
		{CDE9D657-964B-4DD5-93FA-DE2661299154}.Debug|Any CPU.Build.0 = Debug|Any CPU
		{CDE9D657-964B-4DD5-93FA-DE2661299154}.Release|Any CPU.ActiveCfg = Release|Any CPU
		{CDE9D657-964B-4DD5-93FA-DE2661299154}.Release|Any CPU.Build.0 = Release|Any CPU
	EndGlobalSection
	GlobalSection(SolutionProperties) = preSolution
		HideSolutionNode = FALSE
	EndGlobalSection
	GlobalSection(ExtensibilityGlobals) = postSolution
		SolutionGuid = {056C6ED2-8237-4408-BE75-AA4AC4748C09}
	EndGlobalSection
EndGlobal
