
Microsoft Visual Studio Solution File, Format Version 12.00
# Visual Studio Version 16
VisualStudioVersion = 16.0.29102.190
MinimumVisualStudioVersion = 10.0.40219.1
Project("{2150E333-8FDC-42A3-9474-1A3956D46DE8}") = "Lecture", "Lecture", "{A4595DDA-F91C-434A-A486-785006F19DE8}"
EndProject
Project("{9A19103F-16F7-4668-BE54-9A1E7A4F7556}") = "P00LibraryIterator", "P00LibraryIterator\P00LibraryIterator.csproj", "{3A7E0AC9-8624-4F66-B490-21C45D57620E}"
EndProject
Global
	GlobalSection(SolutionConfigurationPlatforms) = preSolution
		Debug|Any CPU = Debug|Any CPU
		Release|Any CPU = Release|Any CPU
	EndGlobalSection
	GlobalSection(ProjectConfigurationPlatforms) = postSolution
		{3A7E0AC9-8624-4F66-B490-21C45D57620E}.Debug|Any CPU.ActiveCfg = Debug|Any CPU
		{3A7E0AC9-8624-4F66-B490-21C45D57620E}.Debug|Any CPU.Build.0 = Debug|Any CPU
		{3A7E0AC9-8624-4F66-B490-21C45D57620E}.Release|Any CPU.ActiveCfg = Release|Any CPU
		{3A7E0AC9-8624-4F66-B490-21C45D57620E}.Release|Any CPU.Build.0 = Release|Any CPU
	EndGlobalSection
	GlobalSection(SolutionProperties) = preSolution
		HideSolutionNode = FALSE
	EndGlobalSection
	GlobalSection(NestedProjects) = preSolution
		{3A7E0AC9-8624-4F66-B490-21C45D57620E} = {A4595DDA-F91C-434A-A486-785006F19DE8}
	EndGlobalSection
	GlobalSection(ExtensibilityGlobals) = postSolution
		SolutionGuid = {1DE3CA15-8A3E-4144-BF70-ECF05171680E}
	EndGlobalSection
EndGlobal
