
Microsoft Visual Studio Solution File, Format Version 12.00
# Visual Studio 15
VisualStudioVersion = 15.0.27428.2037
MinimumVisualStudioVersion = 10.0.40219.1
Project("{FAE04EC0-301F-11D3-BF4B-00C04F79EFBC}") = "TestAndroidApp.Android", "TestAndroidApp\TestAndroidApp.Android\TestAndroidApp.Android.csproj", "{1426482D-5617-4501-9E60-F97F5369D16E}"
EndProject
Project("{FAE04EC0-301F-11D3-BF4B-00C04F79EFBC}") = "TestAndroidApp.iOS", "TestAndroidApp\TestAndroidApp.iOS\TestAndroidApp.iOS.csproj", "{2A8FB5F1-F48E-4E37-B0CC-11158AC3357A}"
EndProject
Project("{FAE04EC0-301F-11D3-BF4B-00C04F79EFBC}") = "TestAndroidApp.UWP", "TestAndroidApp\TestAndroidApp.UWP\TestAndroidApp.UWP.csproj", "{8676CD21-37EE-4861-BB79-67CC75757235}"
EndProject
Project("{D954291E-2A0B-460D-934E-DC6B0785DB48}") = "TestAndroidApp", "TestAndroidApp\TestAndroidApp\TestAndroidApp.shproj", "{E8F2EAC1-25AB-4D7C-8D62-00B9F7317A11}"
EndProject
Global
	GlobalSection(SharedMSBuildProjectFiles) = preSolution
		TestAndroidApp\TestAndroidApp\TestAndroidApp.projitems*{1426482d-5617-4501-9e60-f97f5369d16e}*SharedItemsImports = 4
		TestAndroidApp\TestAndroidApp\TestAndroidApp.projitems*{2a8fb5f1-f48e-4e37-b0cc-11158ac3357a}*SharedItemsImports = 4
		TestAndroidApp\TestAndroidApp\TestAndroidApp.projitems*{8676cd21-37ee-4861-bb79-67cc75757235}*SharedItemsImports = 4
		TestAndroidApp\TestAndroidApp\TestAndroidApp.projitems*{e8f2eac1-25ab-4d7c-8d62-00b9f7317a11}*SharedItemsImports = 13
	EndGlobalSection
	GlobalSection(SolutionConfigurationPlatforms) = preSolution
		Ad-Hoc|Any CPU = Ad-Hoc|Any CPU
		Ad-Hoc|ARM = Ad-Hoc|ARM
		Ad-Hoc|iPhone = Ad-Hoc|iPhone
		Ad-Hoc|iPhoneSimulator = Ad-Hoc|iPhoneSimulator
		Ad-Hoc|x64 = Ad-Hoc|x64
		Ad-Hoc|x86 = Ad-Hoc|x86
		AppStore|Any CPU = AppStore|Any CPU
		AppStore|ARM = AppStore|ARM
		AppStore|iPhone = AppStore|iPhone
		AppStore|iPhoneSimulator = AppStore|iPhoneSimulator
		AppStore|x64 = AppStore|x64
		AppStore|x86 = AppStore|x86
		Debug|Any CPU = Debug|Any CPU
		Debug|ARM = Debug|ARM
		Debug|iPhone = Debug|iPhone
		Debug|iPhoneSimulator = Debug|iPhoneSimulator
		Debug|x64 = Debug|x64
		Debug|x86 = Debug|x86
		Release|Any CPU = Release|Any CPU
		Release|ARM = Release|ARM
		Release|iPhone = Release|iPhone
		Release|iPhoneSimulator = Release|iPhoneSimulator
		Release|x64 = Release|x64
		Release|x86 = Release|x86
	EndGlobalSection
	GlobalSection(ProjectConfigurationPlatforms) = postSolution
		{1426482D-5617-4501-9E60-F97F5369D16E}.Ad-Hoc|Any CPU.ActiveCfg = Release|Any CPU
		{1426482D-5617-4501-9E60-F97F5369D16E}.Ad-Hoc|Any CPU.Build.0 = Release|Any CPU
		{1426482D-5617-4501-9E60-F97F5369D16E}.Ad-Hoc|Any CPU.Deploy.0 = Release|Any CPU
		{1426482D-5617-4501-9E60-F97F5369D16E}.Ad-Hoc|ARM.ActiveCfg = Release|Any CPU
		{1426482D-5617-4501-9E60-F97F5369D16E}.Ad-Hoc|ARM.Build.0 = Release|Any CPU
		{1426482D-5617-4501-9E60-F97F5369D16E}.Ad-Hoc|ARM.Deploy.0 = Release|Any CPU
		{1426482D-5617-4501-9E60-F97F5369D16E}.Ad-Hoc|iPhone.ActiveCfg = Release|Any CPU
		{1426482D-5617-4501-9E60-F97F5369D16E}.Ad-Hoc|iPhone.Build.0 = Release|Any CPU
		{1426482D-5617-4501-9E60-F97F5369D16E}.Ad-Hoc|iPhone.Deploy.0 = Release|Any CPU
		{1426482D-5617-4501-9E60-F97F5369D16E}.Ad-Hoc|iPhoneSimulator.ActiveCfg = Release|Any CPU
		{1426482D-5617-4501-9E60-F97F5369D16E}.Ad-Hoc|iPhoneSimulator.Build.0 = Release|Any CPU
		{1426482D-5617-4501-9E60-F97F5369D16E}.Ad-Hoc|iPhoneSimulator.Deploy.0 = Release|Any CPU
		{1426482D-5617-4501-9E60-F97F5369D16E}.Ad-Hoc|x64.ActiveCfg = Release|Any CPU
		{1426482D-5617-4501-9E60-F97F5369D16E}.Ad-Hoc|x64.Build.0 = Release|Any CPU
		{1426482D-5617-4501-9E60-F97F5369D16E}.Ad-Hoc|x64.Deploy.0 = Release|Any CPU
		{1426482D-5617-4501-9E60-F97F5369D16E}.Ad-Hoc|x86.ActiveCfg = Release|Any CPU
		{1426482D-5617-4501-9E60-F97F5369D16E}.Ad-Hoc|x86.Build.0 = Release|Any CPU
		{1426482D-5617-4501-9E60-F97F5369D16E}.Ad-Hoc|x86.Deploy.0 = Release|Any CPU
		{1426482D-5617-4501-9E60-F97F5369D16E}.AppStore|Any CPU.ActiveCfg = Release|Any CPU
		{1426482D-5617-4501-9E60-F97F5369D16E}.AppStore|Any CPU.Build.0 = Release|Any CPU
		{1426482D-5617-4501-9E60-F97F5369D16E}.AppStore|Any CPU.Deploy.0 = Release|Any CPU
		{1426482D-5617-4501-9E60-F97F5369D16E}.AppStore|ARM.ActiveCfg = Release|Any CPU
		{1426482D-5617-4501-9E60-F97F5369D16E}.AppStore|ARM.Build.0 = Release|Any CPU
		{1426482D-5617-4501-9E60-F97F5369D16E}.AppStore|ARM.Deploy.0 = Release|Any CPU
		{1426482D-5617-4501-9E60-F97F5369D16E}.AppStore|iPhone.ActiveCfg = Release|Any CPU
		{1426482D-5617-4501-9E60-F97F5369D16E}.AppStore|iPhone.Build.0 = Release|Any CPU
		{1426482D-5617-4501-9E60-F97F5369D16E}.AppStore|iPhone.Deploy.0 = Release|Any CPU
		{1426482D-5617-4501-9E60-F97F5369D16E}.AppStore|iPhoneSimulator.ActiveCfg = Release|Any CPU
		{1426482D-5617-4501-9E60-F97F5369D16E}.AppStore|iPhoneSimulator.Build.0 = Release|Any CPU
		{1426482D-5617-4501-9E60-F97F5369D16E}.AppStore|iPhoneSimulator.Deploy.0 = Release|Any CPU
		{1426482D-5617-4501-9E60-F97F5369D16E}.AppStore|x64.ActiveCfg = Release|Any CPU
		{1426482D-5617-4501-9E60-F97F5369D16E}.AppStore|x64.Build.0 = Release|Any CPU
		{1426482D-5617-4501-9E60-F97F5369D16E}.AppStore|x64.Deploy.0 = Release|Any CPU
		{1426482D-5617-4501-9E60-F97F5369D16E}.AppStore|x86.ActiveCfg = Release|Any CPU
		{1426482D-5617-4501-9E60-F97F5369D16E}.AppStore|x86.Build.0 = Release|Any CPU
		{1426482D-5617-4501-9E60-F97F5369D16E}.AppStore|x86.Deploy.0 = Release|Any CPU
		{1426482D-5617-4501-9E60-F97F5369D16E}.Debug|Any CPU.ActiveCfg = Debug|Any CPU
		{1426482D-5617-4501-9E60-F97F5369D16E}.Debug|Any CPU.Build.0 = Debug|Any CPU
		{1426482D-5617-4501-9E60-F97F5369D16E}.Debug|Any CPU.Deploy.0 = Debug|Any CPU
		{1426482D-5617-4501-9E60-F97F5369D16E}.Debug|ARM.ActiveCfg = Debug|Any CPU
		{1426482D-5617-4501-9E60-F97F5369D16E}.Debug|ARM.Build.0 = Debug|Any CPU
		{1426482D-5617-4501-9E60-F97F5369D16E}.Debug|ARM.Deploy.0 = Debug|Any CPU
		{1426482D-5617-4501-9E60-F97F5369D16E}.Debug|iPhone.ActiveCfg = Debug|Any CPU
		{1426482D-5617-4501-9E60-F97F5369D16E}.Debug|iPhone.Build.0 = Debug|Any CPU
		{1426482D-5617-4501-9E60-F97F5369D16E}.Debug|iPhone.Deploy.0 = Debug|Any CPU
		{1426482D-5617-4501-9E60-F97F5369D16E}.Debug|iPhoneSimulator.ActiveCfg = Debug|Any CPU
		{1426482D-5617-4501-9E60-F97F5369D16E}.Debug|iPhoneSimulator.Build.0 = Debug|Any CPU
		{1426482D-5617-4501-9E60-F97F5369D16E}.Debug|iPhoneSimulator.Deploy.0 = Debug|Any CPU
		{1426482D-5617-4501-9E60-F97F5369D16E}.Debug|x64.ActiveCfg = Debug|Any CPU
		{1426482D-5617-4501-9E60-F97F5369D16E}.Debug|x64.Build.0 = Debug|Any CPU
		{1426482D-5617-4501-9E60-F97F5369D16E}.Debug|x64.Deploy.0 = Debug|Any CPU
		{1426482D-5617-4501-9E60-F97F5369D16E}.Debug|x86.ActiveCfg = Debug|Any CPU
		{1426482D-5617-4501-9E60-F97F5369D16E}.Debug|x86.Build.0 = Debug|Any CPU
		{1426482D-5617-4501-9E60-F97F5369D16E}.Debug|x86.Deploy.0 = Debug|Any CPU
		{1426482D-5617-4501-9E60-F97F5369D16E}.Release|Any CPU.ActiveCfg = Release|Any CPU
		{1426482D-5617-4501-9E60-F97F5369D16E}.Release|Any CPU.Build.0 = Release|Any CPU
		{1426482D-5617-4501-9E60-F97F5369D16E}.Release|Any CPU.Deploy.0 = Release|Any CPU
		{1426482D-5617-4501-9E60-F97F5369D16E}.Release|ARM.ActiveCfg = Release|Any CPU
		{1426482D-5617-4501-9E60-F97F5369D16E}.Release|ARM.Build.0 = Release|Any CPU
		{1426482D-5617-4501-9E60-F97F5369D16E}.Release|ARM.Deploy.0 = Release|Any CPU
		{1426482D-5617-4501-9E60-F97F5369D16E}.Release|iPhone.ActiveCfg = Release|Any CPU
		{1426482D-5617-4501-9E60-F97F5369D16E}.Release|iPhone.Build.0 = Release|Any CPU
		{1426482D-5617-4501-9E60-F97F5369D16E}.Release|iPhone.Deploy.0 = Release|Any CPU
		{1426482D-5617-4501-9E60-F97F5369D16E}.Release|iPhoneSimulator.ActiveCfg = Release|Any CPU
		{1426482D-5617-4501-9E60-F97F5369D16E}.Release|iPhoneSimulator.Build.0 = Release|Any CPU
		{1426482D-5617-4501-9E60-F97F5369D16E}.Release|iPhoneSimulator.Deploy.0 = Release|Any CPU
		{1426482D-5617-4501-9E60-F97F5369D16E}.Release|x64.ActiveCfg = Release|Any CPU
		{1426482D-5617-4501-9E60-F97F5369D16E}.Release|x64.Build.0 = Release|Any CPU
		{1426482D-5617-4501-9E60-F97F5369D16E}.Release|x64.Deploy.0 = Release|Any CPU
		{1426482D-5617-4501-9E60-F97F5369D16E}.Release|x86.ActiveCfg = Release|Any CPU
		{1426482D-5617-4501-9E60-F97F5369D16E}.Release|x86.Build.0 = Release|Any CPU
		{1426482D-5617-4501-9E60-F97F5369D16E}.Release|x86.Deploy.0 = Release|Any CPU
		{2A8FB5F1-F48E-4E37-B0CC-11158AC3357A}.Ad-Hoc|Any CPU.ActiveCfg = Ad-Hoc|iPhone
		{2A8FB5F1-F48E-4E37-B0CC-11158AC3357A}.Ad-Hoc|ARM.ActiveCfg = Ad-Hoc|iPhone
		{2A8FB5F1-F48E-4E37-B0CC-11158AC3357A}.Ad-Hoc|iPhone.ActiveCfg = Ad-Hoc|iPhone
		{2A8FB5F1-F48E-4E37-B0CC-11158AC3357A}.Ad-Hoc|iPhone.Build.0 = Ad-Hoc|iPhone
		{2A8FB5F1-F48E-4E37-B0CC-11158AC3357A}.Ad-Hoc|iPhoneSimulator.ActiveCfg = Ad-Hoc|iPhoneSimulator
		{2A8FB5F1-F48E-4E37-B0CC-11158AC3357A}.Ad-Hoc|iPhoneSimulator.Build.0 = Ad-Hoc|iPhoneSimulator
		{2A8FB5F1-F48E-4E37-B0CC-11158AC3357A}.Ad-Hoc|x64.ActiveCfg = Ad-Hoc|iPhone
		{2A8FB5F1-F48E-4E37-B0CC-11158AC3357A}.Ad-Hoc|x86.ActiveCfg = Ad-Hoc|iPhone
		{2A8FB5F1-F48E-4E37-B0CC-11158AC3357A}.AppStore|Any CPU.ActiveCfg = AppStore|iPhone
		{2A8FB5F1-F48E-4E37-B0CC-11158AC3357A}.AppStore|ARM.ActiveCfg = AppStore|iPhone
		{2A8FB5F1-F48E-4E37-B0CC-11158AC3357A}.AppStore|iPhone.ActiveCfg = AppStore|iPhone
		{2A8FB5F1-F48E-4E37-B0CC-11158AC3357A}.AppStore|iPhone.Build.0 = AppStore|iPhone
		{2A8FB5F1-F48E-4E37-B0CC-11158AC3357A}.AppStore|iPhoneSimulator.ActiveCfg = AppStore|iPhoneSimulator
		{2A8FB5F1-F48E-4E37-B0CC-11158AC3357A}.AppStore|iPhoneSimulator.Build.0 = AppStore|iPhoneSimulator
		{2A8FB5F1-F48E-4E37-B0CC-11158AC3357A}.AppStore|x64.ActiveCfg = AppStore|iPhone
		{2A8FB5F1-F48E-4E37-B0CC-11158AC3357A}.AppStore|x86.ActiveCfg = AppStore|iPhone
		{2A8FB5F1-F48E-4E37-B0CC-11158AC3357A}.Debug|Any CPU.ActiveCfg = Debug|iPhone
		{2A8FB5F1-F48E-4E37-B0CC-11158AC3357A}.Debug|ARM.ActiveCfg = Debug|iPhone
		{2A8FB5F1-F48E-4E37-B0CC-11158AC3357A}.Debug|iPhone.ActiveCfg = Debug|iPhone
		{2A8FB5F1-F48E-4E37-B0CC-11158AC3357A}.Debug|iPhone.Build.0 = Debug|iPhone
		{2A8FB5F1-F48E-4E37-B0CC-11158AC3357A}.Debug|iPhoneSimulator.ActiveCfg = Debug|iPhoneSimulator
		{2A8FB5F1-F48E-4E37-B0CC-11158AC3357A}.Debug|iPhoneSimulator.Build.0 = Debug|iPhoneSimulator
		{2A8FB5F1-F48E-4E37-B0CC-11158AC3357A}.Debug|x64.ActiveCfg = Debug|iPhone
		{2A8FB5F1-F48E-4E37-B0CC-11158AC3357A}.Debug|x86.ActiveCfg = Debug|iPhone
		{2A8FB5F1-F48E-4E37-B0CC-11158AC3357A}.Release|Any CPU.ActiveCfg = Release|iPhone
		{2A8FB5F1-F48E-4E37-B0CC-11158AC3357A}.Release|ARM.ActiveCfg = Release|iPhone
		{2A8FB5F1-F48E-4E37-B0CC-11158AC3357A}.Release|iPhone.ActiveCfg = Release|iPhone
		{2A8FB5F1-F48E-4E37-B0CC-11158AC3357A}.Release|iPhone.Build.0 = Release|iPhone
		{2A8FB5F1-F48E-4E37-B0CC-11158AC3357A}.Release|iPhoneSimulator.ActiveCfg = Release|iPhoneSimulator
		{2A8FB5F1-F48E-4E37-B0CC-11158AC3357A}.Release|iPhoneSimulator.Build.0 = Release|iPhoneSimulator
		{2A8FB5F1-F48E-4E37-B0CC-11158AC3357A}.Release|x64.ActiveCfg = Release|iPhone
		{2A8FB5F1-F48E-4E37-B0CC-11158AC3357A}.Release|x86.ActiveCfg = Release|iPhone
		{8676CD21-37EE-4861-BB79-67CC75757235}.Ad-Hoc|Any CPU.ActiveCfg = Release|x86
		{8676CD21-37EE-4861-BB79-67CC75757235}.Ad-Hoc|Any CPU.Build.0 = Release|x86
		{8676CD21-37EE-4861-BB79-67CC75757235}.Ad-Hoc|Any CPU.Deploy.0 = Release|x86
		{8676CD21-37EE-4861-BB79-67CC75757235}.Ad-Hoc|ARM.ActiveCfg = Release|ARM
		{8676CD21-37EE-4861-BB79-67CC75757235}.Ad-Hoc|ARM.Build.0 = Release|ARM
		{8676CD21-37EE-4861-BB79-67CC75757235}.Ad-Hoc|ARM.Deploy.0 = Release|ARM
		{8676CD21-37EE-4861-BB79-67CC75757235}.Ad-Hoc|iPhone.ActiveCfg = Release|x86
		{8676CD21-37EE-4861-BB79-67CC75757235}.Ad-Hoc|iPhone.Build.0 = Release|x86
		{8676CD21-37EE-4861-BB79-67CC75757235}.Ad-Hoc|iPhone.Deploy.0 = Release|x86
		{8676CD21-37EE-4861-BB79-67CC75757235}.Ad-Hoc|iPhoneSimulator.ActiveCfg = Release|x86
		{8676CD21-37EE-4861-BB79-67CC75757235}.Ad-Hoc|iPhoneSimulator.Build.0 = Release|x86
		{8676CD21-37EE-4861-BB79-67CC75757235}.Ad-Hoc|iPhoneSimulator.Deploy.0 = Release|x86
		{8676CD21-37EE-4861-BB79-67CC75757235}.Ad-Hoc|x64.ActiveCfg = Release|x64
		{8676CD21-37EE-4861-BB79-67CC75757235}.Ad-Hoc|x64.Build.0 = Release|x64
		{8676CD21-37EE-4861-BB79-67CC75757235}.Ad-Hoc|x64.Deploy.0 = Release|x64
		{8676CD21-37EE-4861-BB79-67CC75757235}.Ad-Hoc|x86.ActiveCfg = Release|x86
		{8676CD21-37EE-4861-BB79-67CC75757235}.Ad-Hoc|x86.Build.0 = Release|x86
		{8676CD21-37EE-4861-BB79-67CC75757235}.Ad-Hoc|x86.Deploy.0 = Release|x86
		{8676CD21-37EE-4861-BB79-67CC75757235}.AppStore|Any CPU.ActiveCfg = Release|x86
		{8676CD21-37EE-4861-BB79-67CC75757235}.AppStore|Any CPU.Build.0 = Release|x86
		{8676CD21-37EE-4861-BB79-67CC75757235}.AppStore|Any CPU.Deploy.0 = Release|x86
		{8676CD21-37EE-4861-BB79-67CC75757235}.AppStore|ARM.ActiveCfg = Release|ARM
		{8676CD21-37EE-4861-BB79-67CC75757235}.AppStore|ARM.Build.0 = Release|ARM
		{8676CD21-37EE-4861-BB79-67CC75757235}.AppStore|ARM.Deploy.0 = Release|ARM
		{8676CD21-37EE-4861-BB79-67CC75757235}.AppStore|iPhone.ActiveCfg = Release|x86
		{8676CD21-37EE-4861-BB79-67CC75757235}.AppStore|iPhone.Build.0 = Release|x86
		{8676CD21-37EE-4861-BB79-67CC75757235}.AppStore|iPhone.Deploy.0 = Release|x86
		{8676CD21-37EE-4861-BB79-67CC75757235}.AppStore|iPhoneSimulator.ActiveCfg = Release|x86
		{8676CD21-37EE-4861-BB79-67CC75757235}.AppStore|iPhoneSimulator.Build.0 = Release|x86
		{8676CD21-37EE-4861-BB79-67CC75757235}.AppStore|iPhoneSimulator.Deploy.0 = Release|x86
		{8676CD21-37EE-4861-BB79-67CC75757235}.AppStore|x64.ActiveCfg = Release|x64
		{8676CD21-37EE-4861-BB79-67CC75757235}.AppStore|x64.Build.0 = Release|x64
		{8676CD21-37EE-4861-BB79-67CC75757235}.AppStore|x64.Deploy.0 = Release|x64
		{8676CD21-37EE-4861-BB79-67CC75757235}.AppStore|x86.ActiveCfg = Release|x86
		{8676CD21-37EE-4861-BB79-67CC75757235}.AppStore|x86.Build.0 = Release|x86
		{8676CD21-37EE-4861-BB79-67CC75757235}.AppStore|x86.Deploy.0 = Release|x86
		{8676CD21-37EE-4861-BB79-67CC75757235}.Debug|Any CPU.ActiveCfg = Debug|x86
		{8676CD21-37EE-4861-BB79-67CC75757235}.Debug|ARM.ActiveCfg = Debug|ARM
		{8676CD21-37EE-4861-BB79-67CC75757235}.Debug|ARM.Build.0 = Debug|ARM
		{8676CD21-37EE-4861-BB79-67CC75757235}.Debug|ARM.Deploy.0 = Debug|ARM
		{8676CD21-37EE-4861-BB79-67CC75757235}.Debug|iPhone.ActiveCfg = Debug|x86
		{8676CD21-37EE-4861-BB79-67CC75757235}.Debug|iPhoneSimulator.ActiveCfg = Debug|x86
		{8676CD21-37EE-4861-BB79-67CC75757235}.Debug|x64.ActiveCfg = Debug|x64
		{8676CD21-37EE-4861-BB79-67CC75757235}.Debug|x64.Build.0 = Debug|x64
		{8676CD21-37EE-4861-BB79-67CC75757235}.Debug|x64.Deploy.0 = Debug|x64
		{8676CD21-37EE-4861-BB79-67CC75757235}.Debug|x86.ActiveCfg = Debug|x86
		{8676CD21-37EE-4861-BB79-67CC75757235}.Debug|x86.Build.0 = Debug|x86
		{8676CD21-37EE-4861-BB79-67CC75757235}.Debug|x86.Deploy.0 = Debug|x86
		{8676CD21-37EE-4861-BB79-67CC75757235}.Release|Any CPU.ActiveCfg = Release|x86
		{8676CD21-37EE-4861-BB79-67CC75757235}.Release|ARM.ActiveCfg = Release|ARM
		{8676CD21-37EE-4861-BB79-67CC75757235}.Release|ARM.Build.0 = Release|ARM
		{8676CD21-37EE-4861-BB79-67CC75757235}.Release|ARM.Deploy.0 = Release|ARM
		{8676CD21-37EE-4861-BB79-67CC75757235}.Release|iPhone.ActiveCfg = Release|x86
		{8676CD21-37EE-4861-BB79-67CC75757235}.Release|iPhoneSimulator.ActiveCfg = Release|x86
		{8676CD21-37EE-4861-BB79-67CC75757235}.Release|x64.ActiveCfg = Release|x64
		{8676CD21-37EE-4861-BB79-67CC75757235}.Release|x64.Build.0 = Release|x64
		{8676CD21-37EE-4861-BB79-67CC75757235}.Release|x64.Deploy.0 = Release|x64
		{8676CD21-37EE-4861-BB79-67CC75757235}.Release|x86.ActiveCfg = Release|x86
		{8676CD21-37EE-4861-BB79-67CC75757235}.Release|x86.Build.0 = Release|x86
		{8676CD21-37EE-4861-BB79-67CC75757235}.Release|x86.Deploy.0 = Release|x86
	EndGlobalSection
	GlobalSection(SolutionProperties) = preSolution
		HideSolutionNode = FALSE
	EndGlobalSection
	GlobalSection(ExtensibilityGlobals) = postSolution
		SolutionGuid = {267B7556-E082-4417-B4CD-F10896FA98ED}
	EndGlobalSection
EndGlobal
