
Microsoft Visual Studio Solution File, Format Version 12.00
# Visual Studio 15
VisualStudioVersion = 15.0.28307.271
MinimumVisualStudioVersion = 10.0.40219.1
Project("{FAE04EC0-301F-11D3-BF4B-00C04F79EFBC}") = "MetersToKilometers", "MetersToKilometers\MetersToKilometers.csproj", "{C755227F-CAF6-40C5-BCD4-C0EE92593A99}"
EndProject
Project("{2150E333-8FDC-42A3-9474-1A3956D46DE8}") = "Integer and Real numbers", "Integer and Real numbers", "{451A4D96-8F0E-415B-9C18-236CB9BE8C4C}"
EndProject
Project("{FAE04EC0-301F-11D3-BF4B-00C04F79EFBC}") = "PoundsToDolars", "PoundsToDolars\PoundsToDolars.csproj", "{ED015526-FE5A-4F84-B9A9-F02E7EA268DC}"
EndProject
Project("{FAE04EC0-301F-11D3-BF4B-00C04F79EFBC}") = "ExactSumOfRealNumbers", "ExactSumOfRealNumbers\ExactSumOfRealNumbers.csproj", "{533C9F52-413F-4CDA-9DF2-DC7EB27AB7A4}"
EndProject
Project("{2150E333-8FDC-42A3-9474-1A3956D46DE8}") = "Data Types and Type Conversion", "Data Types and Type Conversion", "{0D1E72B9-6E40-4C33-9BC2-D49F9D846AEF}"
EndProject
Project("{FAE04EC0-301F-11D3-BF4B-00C04F79EFBC}") = "CenturiesToMinutes", "CenturiesToMinutes\CenturiesToMinutes.csproj", "{33FE56AD-A41B-4957-9851-544F905664B0}"
EndProject
Project("{FAE04EC0-301F-11D3-BF4B-00C04F79EFBC}") = "SpecialNumbers", "SpecialNumbers\SpecialNumbers.csproj", "{7198E14A-8551-4D3D-BB81-79E6F6DF13A1}"
EndProject
Project("{FAE04EC0-301F-11D3-BF4B-00C04F79EFBC}") = "ReversedChars", "ReversedChars\ReversedChars.csproj", "{2EA57862-830F-45BC-A9FC-4FEB2B01C35D}"
EndProject
Project("{FAE04EC0-301F-11D3-BF4B-00C04F79EFBC}") = "ConcatNames", "ConcatNames\ConcatNames.csproj", "{75AAD655-CB6E-4185-8876-D74BF2196E5A}"
EndProject
Project("{FAE04EC0-301F-11D3-BF4B-00C04F79EFBC}") = "TownInfo", "TownInfo\TownInfo.csproj", "{D806A3DD-CA2E-475F-A1DB-5FE990B9AB4A}"
EndProject
Project("{FAE04EC0-301F-11D3-BF4B-00C04F79EFBC}") = "CharsToString", "CharsToString\CharsToString.csproj", "{C01528DC-7ACC-4B96-847C-77F990DC58B5}"
EndProject
Project("{FAE04EC0-301F-11D3-BF4B-00C04F79EFBC}") = "LowerOrUpper", "LowerOrUpper\LowerOrUpper.csproj", "{516B86B1-D953-4DC7-B276-28E9079B0C75}"
EndProject
Project("{2150E333-8FDC-42A3-9474-1A3956D46DE8}") = "Variables", "Variables", "{847AFEAC-246B-4B38-8E45-2D538FE71668}"
EndProject
Project("{FAE04EC0-301F-11D3-BF4B-00C04F79EFBC}") = "RefactorVolumeOfPyramid", "RefactorVolumeOfPyramid\RefactorVolumeOfPyramid.csproj", "{01BB42C5-828B-42E6-A7D3-316FD25B71A7}"
EndProject
Project("{FAE04EC0-301F-11D3-BF4B-00C04F79EFBC}") = "RefactorSpecialNumbers", "RefactorSpecialNumbers\RefactorSpecialNumbers.csproj", "{3165B94E-5E0C-405E-9DA2-7616762EBD9A}"
EndProject
Global
	GlobalSection(SolutionConfigurationPlatforms) = preSolution
		Debug|Any CPU = Debug|Any CPU
		Release|Any CPU = Release|Any CPU
	EndGlobalSection
	GlobalSection(ProjectConfigurationPlatforms) = postSolution
		{C755227F-CAF6-40C5-BCD4-C0EE92593A99}.Debug|Any CPU.ActiveCfg = Debug|Any CPU
		{C755227F-CAF6-40C5-BCD4-C0EE92593A99}.Debug|Any CPU.Build.0 = Debug|Any CPU
		{C755227F-CAF6-40C5-BCD4-C0EE92593A99}.Release|Any CPU.ActiveCfg = Release|Any CPU
		{C755227F-CAF6-40C5-BCD4-C0EE92593A99}.Release|Any CPU.Build.0 = Release|Any CPU
		{ED015526-FE5A-4F84-B9A9-F02E7EA268DC}.Debug|Any CPU.ActiveCfg = Debug|Any CPU
		{ED015526-FE5A-4F84-B9A9-F02E7EA268DC}.Debug|Any CPU.Build.0 = Debug|Any CPU
		{ED015526-FE5A-4F84-B9A9-F02E7EA268DC}.Release|Any CPU.ActiveCfg = Release|Any CPU
		{ED015526-FE5A-4F84-B9A9-F02E7EA268DC}.Release|Any CPU.Build.0 = Release|Any CPU
		{533C9F52-413F-4CDA-9DF2-DC7EB27AB7A4}.Debug|Any CPU.ActiveCfg = Debug|Any CPU
		{533C9F52-413F-4CDA-9DF2-DC7EB27AB7A4}.Debug|Any CPU.Build.0 = Debug|Any CPU
		{533C9F52-413F-4CDA-9DF2-DC7EB27AB7A4}.Release|Any CPU.ActiveCfg = Release|Any CPU
		{533C9F52-413F-4CDA-9DF2-DC7EB27AB7A4}.Release|Any CPU.Build.0 = Release|Any CPU
		{33FE56AD-A41B-4957-9851-544F905664B0}.Debug|Any CPU.ActiveCfg = Debug|Any CPU
		{33FE56AD-A41B-4957-9851-544F905664B0}.Debug|Any CPU.Build.0 = Debug|Any CPU
		{33FE56AD-A41B-4957-9851-544F905664B0}.Release|Any CPU.ActiveCfg = Release|Any CPU
		{33FE56AD-A41B-4957-9851-544F905664B0}.Release|Any CPU.Build.0 = Release|Any CPU
		{7198E14A-8551-4D3D-BB81-79E6F6DF13A1}.Debug|Any CPU.ActiveCfg = Debug|Any CPU
		{7198E14A-8551-4D3D-BB81-79E6F6DF13A1}.Debug|Any CPU.Build.0 = Debug|Any CPU
		{7198E14A-8551-4D3D-BB81-79E6F6DF13A1}.Release|Any CPU.ActiveCfg = Release|Any CPU
		{7198E14A-8551-4D3D-BB81-79E6F6DF13A1}.Release|Any CPU.Build.0 = Release|Any CPU
		{2EA57862-830F-45BC-A9FC-4FEB2B01C35D}.Debug|Any CPU.ActiveCfg = Debug|Any CPU
		{2EA57862-830F-45BC-A9FC-4FEB2B01C35D}.Debug|Any CPU.Build.0 = Debug|Any CPU
		{2EA57862-830F-45BC-A9FC-4FEB2B01C35D}.Release|Any CPU.ActiveCfg = Release|Any CPU
		{2EA57862-830F-45BC-A9FC-4FEB2B01C35D}.Release|Any CPU.Build.0 = Release|Any CPU
		{75AAD655-CB6E-4185-8876-D74BF2196E5A}.Debug|Any CPU.ActiveCfg = Debug|Any CPU
		{75AAD655-CB6E-4185-8876-D74BF2196E5A}.Debug|Any CPU.Build.0 = Debug|Any CPU
		{75AAD655-CB6E-4185-8876-D74BF2196E5A}.Release|Any CPU.ActiveCfg = Release|Any CPU
		{75AAD655-CB6E-4185-8876-D74BF2196E5A}.Release|Any CPU.Build.0 = Release|Any CPU
		{D806A3DD-CA2E-475F-A1DB-5FE990B9AB4A}.Debug|Any CPU.ActiveCfg = Debug|Any CPU
		{D806A3DD-CA2E-475F-A1DB-5FE990B9AB4A}.Debug|Any CPU.Build.0 = Debug|Any CPU
		{D806A3DD-CA2E-475F-A1DB-5FE990B9AB4A}.Release|Any CPU.ActiveCfg = Release|Any CPU
		{D806A3DD-CA2E-475F-A1DB-5FE990B9AB4A}.Release|Any CPU.Build.0 = Release|Any CPU
		{C01528DC-7ACC-4B96-847C-77F990DC58B5}.Debug|Any CPU.ActiveCfg = Debug|Any CPU
		{C01528DC-7ACC-4B96-847C-77F990DC58B5}.Debug|Any CPU.Build.0 = Debug|Any CPU
		{C01528DC-7ACC-4B96-847C-77F990DC58B5}.Release|Any CPU.ActiveCfg = Release|Any CPU
		{C01528DC-7ACC-4B96-847C-77F990DC58B5}.Release|Any CPU.Build.0 = Release|Any CPU
		{516B86B1-D953-4DC7-B276-28E9079B0C75}.Debug|Any CPU.ActiveCfg = Debug|Any CPU
		{516B86B1-D953-4DC7-B276-28E9079B0C75}.Debug|Any CPU.Build.0 = Debug|Any CPU
		{516B86B1-D953-4DC7-B276-28E9079B0C75}.Release|Any CPU.ActiveCfg = Release|Any CPU
		{516B86B1-D953-4DC7-B276-28E9079B0C75}.Release|Any CPU.Build.0 = Release|Any CPU
		{01BB42C5-828B-42E6-A7D3-316FD25B71A7}.Debug|Any CPU.ActiveCfg = Debug|Any CPU
		{01BB42C5-828B-42E6-A7D3-316FD25B71A7}.Debug|Any CPU.Build.0 = Debug|Any CPU
		{01BB42C5-828B-42E6-A7D3-316FD25B71A7}.Release|Any CPU.ActiveCfg = Release|Any CPU
		{01BB42C5-828B-42E6-A7D3-316FD25B71A7}.Release|Any CPU.Build.0 = Release|Any CPU
		{3165B94E-5E0C-405E-9DA2-7616762EBD9A}.Debug|Any CPU.ActiveCfg = Debug|Any CPU
		{3165B94E-5E0C-405E-9DA2-7616762EBD9A}.Debug|Any CPU.Build.0 = Debug|Any CPU
		{3165B94E-5E0C-405E-9DA2-7616762EBD9A}.Release|Any CPU.ActiveCfg = Release|Any CPU
		{3165B94E-5E0C-405E-9DA2-7616762EBD9A}.Release|Any CPU.Build.0 = Release|Any CPU
	EndGlobalSection
	GlobalSection(SolutionProperties) = preSolution
		HideSolutionNode = FALSE
	EndGlobalSection
	GlobalSection(NestedProjects) = preSolution
		{C755227F-CAF6-40C5-BCD4-C0EE92593A99} = {451A4D96-8F0E-415B-9C18-236CB9BE8C4C}
		{ED015526-FE5A-4F84-B9A9-F02E7EA268DC} = {451A4D96-8F0E-415B-9C18-236CB9BE8C4C}
		{533C9F52-413F-4CDA-9DF2-DC7EB27AB7A4} = {451A4D96-8F0E-415B-9C18-236CB9BE8C4C}
		{33FE56AD-A41B-4957-9851-544F905664B0} = {0D1E72B9-6E40-4C33-9BC2-D49F9D846AEF}
		{7198E14A-8551-4D3D-BB81-79E6F6DF13A1} = {0D1E72B9-6E40-4C33-9BC2-D49F9D846AEF}
		{2EA57862-830F-45BC-A9FC-4FEB2B01C35D} = {0D1E72B9-6E40-4C33-9BC2-D49F9D846AEF}
		{75AAD655-CB6E-4185-8876-D74BF2196E5A} = {0D1E72B9-6E40-4C33-9BC2-D49F9D846AEF}
		{D806A3DD-CA2E-475F-A1DB-5FE990B9AB4A} = {451A4D96-8F0E-415B-9C18-236CB9BE8C4C}
		{C01528DC-7ACC-4B96-847C-77F990DC58B5} = {0D1E72B9-6E40-4C33-9BC2-D49F9D846AEF}
		{516B86B1-D953-4DC7-B276-28E9079B0C75} = {0D1E72B9-6E40-4C33-9BC2-D49F9D846AEF}
		{01BB42C5-828B-42E6-A7D3-316FD25B71A7} = {847AFEAC-246B-4B38-8E45-2D538FE71668}
		{3165B94E-5E0C-405E-9DA2-7616762EBD9A} = {847AFEAC-246B-4B38-8E45-2D538FE71668}
	EndGlobalSection
	GlobalSection(ExtensibilityGlobals) = postSolution
		SolutionGuid = {DE70BFA5-B926-42A9-8B22-C3D95ABB3DD4}
	EndGlobalSection
EndGlobal
