
Microsoft Visual Studio Solution File, Format Version 11.00
# Visual C# Express 2010
Project("{FAE04EC0-301F-11D3-BF4B-00C04F79EFBC}") = "MovingRectangle", "MovingRectangle\MovingRectangle.csproj", "{2B31455A-F7AE-46BF-9C49-016E7E408906}"
EndProject
Project("{FAE04EC0-301F-11D3-BF4B-00C04F79EFBC}") = "BilliardBall", "BilliardBall\BilliardBall.csproj", "{D012052B-8397-468F-89F9-F3771C0CA9AF}"
EndProject
Project("{FAE04EC0-301F-11D3-BF4B-00C04F79EFBC}") = "CustomAnimation", "CustomAnimation\CustomAnimation.csproj", "{968D0704-7513-4C09-8535-B27E1EF69D26}"
EndProject
Global
	GlobalSection(SolutionConfigurationPlatforms) = preSolution
		Debug|x86 = Debug|x86
		Release|x86 = Release|x86
	EndGlobalSection
	GlobalSection(ProjectConfigurationPlatforms) = postSolution
		{2B31455A-F7AE-46BF-9C49-016E7E408906}.Debug|x86.ActiveCfg = Debug|x86
		{2B31455A-F7AE-46BF-9C49-016E7E408906}.Debug|x86.Build.0 = Debug|x86
		{2B31455A-F7AE-46BF-9C49-016E7E408906}.Release|x86.ActiveCfg = Release|x86
		{2B31455A-F7AE-46BF-9C49-016E7E408906}.Release|x86.Build.0 = Release|x86
		{D012052B-8397-468F-89F9-F3771C0CA9AF}.Debug|x86.ActiveCfg = Debug|x86
		{D012052B-8397-468F-89F9-F3771C0CA9AF}.Debug|x86.Build.0 = Debug|x86
		{D012052B-8397-468F-89F9-F3771C0CA9AF}.Release|x86.ActiveCfg = Release|x86
		{D012052B-8397-468F-89F9-F3771C0CA9AF}.Release|x86.Build.0 = Release|x86
		{968D0704-7513-4C09-8535-B27E1EF69D26}.Debug|x86.ActiveCfg = Debug|x86
		{968D0704-7513-4C09-8535-B27E1EF69D26}.Debug|x86.Build.0 = Debug|x86
		{968D0704-7513-4C09-8535-B27E1EF69D26}.Release|x86.ActiveCfg = Release|x86
		{968D0704-7513-4C09-8535-B27E1EF69D26}.Release|x86.Build.0 = Release|x86
	EndGlobalSection
	GlobalSection(SolutionProperties) = preSolution
		HideSolutionNode = FALSE
	EndGlobalSection
EndGlobal
