
Microsoft Visual Studio Solution File, Format Version 12.00
# Visual Studio Version 16
VisualStudioVersion = 16.0.29519.87
MinimumVisualStudioVersion = 10.0.40219.1
Project("{FAE04EC0-301F-11D3-BF4B-00C04F79EFBC}") = "MobilePhones_4", "MobilePhones_4\MobilePhones_4.csproj", "{D663A056-6F7D-420E-B947-7209C83EE853}"
EndProject
Project("{FAE04EC0-301F-11D3-BF4B-00C04F79EFBC}") = "Bookstore_4", "Bookstore_4\Bookstore_4.csproj", "{8347F044-4CEE-4D85-B098-0DF6CCB99286}"
EndProject
Global
	GlobalSection(SolutionConfigurationPlatforms) = preSolution
		Debug|Any CPU = Debug|Any CPU
		Release|Any CPU = Release|Any CPU
	EndGlobalSection
	GlobalSection(ProjectConfigurationPlatforms) = postSolution
		{D663A056-6F7D-420E-B947-7209C83EE853}.Debug|Any CPU.ActiveCfg = Debug|Any CPU
		{D663A056-6F7D-420E-B947-7209C83EE853}.Debug|Any CPU.Build.0 = Debug|Any CPU
		{D663A056-6F7D-420E-B947-7209C83EE853}.Release|Any CPU.ActiveCfg = Release|Any CPU
		{D663A056-6F7D-420E-B947-7209C83EE853}.Release|Any CPU.Build.0 = Release|Any CPU
		{8347F044-4CEE-4D85-B098-0DF6CCB99286}.Debug|Any CPU.ActiveCfg = Debug|Any CPU
		{8347F044-4CEE-4D85-B098-0DF6CCB99286}.Debug|Any CPU.Build.0 = Debug|Any CPU
		{8347F044-4CEE-4D85-B098-0DF6CCB99286}.Release|Any CPU.ActiveCfg = Release|Any CPU
		{8347F044-4CEE-4D85-B098-0DF6CCB99286}.Release|Any CPU.Build.0 = Release|Any CPU
	EndGlobalSection
	GlobalSection(SolutionProperties) = preSolution
		HideSolutionNode = FALSE
	EndGlobalSection
	GlobalSection(ExtensibilityGlobals) = postSolution
		SolutionGuid = {57A8F366-DB69-4AFE-A361-30467358B1FE}
	EndGlobalSection
EndGlobal
