
Microsoft Visual Studio Solution File, Format Version 12.00
# Visual Studio 15
VisualStudioVersion = 15.0.28307.421
MinimumVisualStudioVersion = 10.0.40219.1
Project("{FAE04EC0-301F-11D3-BF4B-00C04F79EFBC}") = "T01Strings", "T01Strings\T01Strings.csproj", "{AE84128F-C403-40EF-8A00-049A0D939DFF}"
EndProject
Project("{FAE04EC0-301F-11D3-BF4B-00C04F79EFBC}") = "P00RetakeMidExam_SantasList", "P00RetakeMidExam_SantasList\P00RetakeMidExam_SantasList.csproj", "{9A1EFA05-97D6-4AAB-A12B-D93DBCD1A9E6}"
EndProject
Project("{2150E333-8FDC-42A3-9474-1A3956D46DE8}") = "Solution Items", "Solution Items", "{54359EDF-9DC5-471A-8828-4739A2E10596}"
	ProjectSection(SolutionItems) = preProject
		02. Santa's List_Условие.docx = 02. Santa's List_Условие.docx
	EndProjectSection
EndProject
Global
	GlobalSection(SolutionConfigurationPlatforms) = preSolution
		Debug|Any CPU = Debug|Any CPU
		Release|Any CPU = Release|Any CPU
	EndGlobalSection
	GlobalSection(ProjectConfigurationPlatforms) = postSolution
		{AE84128F-C403-40EF-8A00-049A0D939DFF}.Debug|Any CPU.ActiveCfg = Debug|Any CPU
		{AE84128F-C403-40EF-8A00-049A0D939DFF}.Debug|Any CPU.Build.0 = Debug|Any CPU
		{AE84128F-C403-40EF-8A00-049A0D939DFF}.Release|Any CPU.ActiveCfg = Release|Any CPU
		{AE84128F-C403-40EF-8A00-049A0D939DFF}.Release|Any CPU.Build.0 = Release|Any CPU
		{9A1EFA05-97D6-4AAB-A12B-D93DBCD1A9E6}.Debug|Any CPU.ActiveCfg = Debug|Any CPU
		{9A1EFA05-97D6-4AAB-A12B-D93DBCD1A9E6}.Debug|Any CPU.Build.0 = Debug|Any CPU
		{9A1EFA05-97D6-4AAB-A12B-D93DBCD1A9E6}.Release|Any CPU.ActiveCfg = Release|Any CPU
		{9A1EFA05-97D6-4AAB-A12B-D93DBCD1A9E6}.Release|Any CPU.Build.0 = Release|Any CPU
	EndGlobalSection
	GlobalSection(SolutionProperties) = preSolution
		HideSolutionNode = FALSE
	EndGlobalSection
	GlobalSection(ExtensibilityGlobals) = postSolution
		SolutionGuid = {D73F068D-FFFE-4521-9725-A022514BD031}
	EndGlobalSection
EndGlobal
