
Microsoft Visual Studio Solution File, Format Version 12.00
# Visual Studio 15
VisualStudioVersion = 15.0.27428.2037
MinimumVisualStudioVersion = 10.0.40219.1
Project("{9A19103F-16F7-4668-BE54-9A1E7A4F7556}") = "Square area", "Square area\Square area.csproj", "{C173E470-2EF8-4833-BD0A-7462E63D790E}"
EndProject
Project("{9A19103F-16F7-4668-BE54-9A1E7A4F7556}") = "Unknown", "Unknown\Unknown.csproj", "{81E7F51E-6CAB-4069-87EE-942C7AEB6ADE}"
EndProject
Project("{FAE04EC0-301F-11D3-BF4B-00C04F79EFBC}") = "Triangle area", "Triangle area\Triangle area.csproj", "{319AE54A-9B35-4B70-848C-617DAF55FE01}"
EndProject
Project("{FAE04EC0-301F-11D3-BF4B-00C04F79EFBC}") = "CtoF", "FtoC\CtoF.csproj", "{3F9279C1-8F8F-4933-A495-9C8966FAFED4}"
EndProject
Project("{FAE04EC0-301F-11D3-BF4B-00C04F79EFBC}") = "RadToGrad", "RadToGrad\RadToGrad.csproj", "{5EA1ED9C-2299-4C45-AAD9-89E9CFC45A9E}"
EndProject
Project("{FAE04EC0-301F-11D3-BF4B-00C04F79EFBC}") = "UsdToBgn", "UsdToBgn\UsdToBgn.csproj", "{23FB1045-54E3-4381-9039-75A7C8282A3B}"
EndProject
Project("{FAE04EC0-301F-11D3-BF4B-00C04F79EFBC}") = "Converter", "Converter\Converter.csproj", "{174F2A58-A923-4A70-8998-851FCC57E6BD}"
EndProject
Project("{FAE04EC0-301F-11D3-BF4B-00C04F79EFBC}") = "DateAdd", "DateAdd\DateAdd.csproj", "{2D5C03C6-C93F-47AD-BD63-983794D43C11}"
EndProject
Project("{2150E333-8FDC-42A3-9474-1A3956D46DE8}") = "ToBeDone", "ToBeDone", "{C683813B-9D6B-4AB7-AF4D-23B194DD5E8D}"
EndProject
Project("{FAE04EC0-301F-11D3-BF4B-00C04F79EFBC}") = "ConverterWindowsForms", "ConverterWindowsForms\ConverterWindowsForms.csproj", "{AA28E0A1-FDB9-4EA9-B810-47EDBAC27B2B}"
EndProject
Project("{FAE04EC0-301F-11D3-BF4B-00C04F79EFBC}") = "CatchMe", "CatchMe\CatchMe.csproj", "{81B856AA-0BDE-4359-AE6E-FAA9D4CD68C2}"
EndProject
Project("{FAE04EC0-301F-11D3-BF4B-00C04F79EFBC}") = "SchoolRoom", "SchoolRoom\SchoolRoom.csproj", "{BDFCC6BD-D998-4121-BE58-2ED0EE7332F0}"
EndProject
Project("{FAE04EC0-301F-11D3-BF4B-00C04F79EFBC}") = "VegetableMarket", "VegetableMarket\VegetableMarket.csproj", "{B881606D-9D07-4CB0-8385-B3294C271851}"
EndProject
Project("{FAE04EC0-301F-11D3-BF4B-00C04F79EFBC}") = "Change Tiles", "Change Tiles\Change Tiles.csproj", "{BD2D94AD-54ED-4509-8419-E1D0E0924AC2}"
EndProject
Project("{FAE04EC0-301F-11D3-BF4B-00C04F79EFBC}") = "Money", "Money\Money.csproj", "{FB9A385B-0BA0-4DA7-9192-8C7A1057077C}"
EndProject
Project("{2150E333-8FDC-42A3-9474-1A3956D46DE8}") = "2.2 Exam problems", "2.2 Exam problems", "{16883B88-0C92-4A93-8ACA-A3FC85B32559}"
EndProject
Project("{2150E333-8FDC-42A3-9474-1A3956D46DE8}") = "1-2.1", "1-2.1", "{84A4E985-A8D9-4152-8BF1-4A02E4A3A0D6}"
EndProject
Project("{FAE04EC0-301F-11D3-BF4B-00C04F79EFBC}") = "Daily earnings", "Daily earnings\Daily earnings.csproj", "{CBB2A76D-75A7-468B-A82A-F5EF4BD0BF75}"
EndProject
Project("{2150E333-8FDC-42A3-9474-1A3956D46DE8}") = "3.1", "3.1", "{5A9C9AD7-41B1-41E1-BE0D-170A9D686C57}"
EndProject
Project("{FAE04EC0-301F-11D3-BF4B-00C04F79EFBC}") = "Excelent Result", "Excelent Result\Excelent Result.csproj", "{66875102-3D0A-4B8B-AB5B-AA516B1347B1}"
EndProject
Project("{FAE04EC0-301F-11D3-BF4B-00C04F79EFBC}") = "Excellent or Not", "Excellent or Not\Excellent or Not.csproj", "{A93C82D6-A685-4037-9D2E-D8D5382AB923}"
EndProject
Project("{FAE04EC0-301F-11D3-BF4B-00C04F79EFBC}") = "Even or Odd", "Even or Odd\Even or Odd.csproj", "{26A7BACF-25F1-4D0E-8270-9D4A50B74455}"
EndProject
Project("{FAE04EC0-301F-11D3-BF4B-00C04F79EFBC}") = "Greater number", "Greater number\Greater number.csproj", "{5EA43AE2-1C8B-463D-B89E-5414F343C76E}"
EndProject
Project("{FAE04EC0-301F-11D3-BF4B-00C04F79EFBC}") = "Number 0_9 to Text", "Number 0...9 to Text\Number 0_9 to Text.csproj", "{E1E22F72-9A09-4393-89D6-AB4F93960685}"
EndProject
Project("{FAE04EC0-301F-11D3-BF4B-00C04F79EFBC}") = "Bonus Points", "Bonus Points\Bonus Points.csproj", "{F6054C3F-2302-47DA-B5E5-332A38FFBD4C}"
EndProject
Project("{FAE04EC0-301F-11D3-BF4B-00C04F79EFBC}") = "Seconds Sum", "Seconds Sum\Seconds Sum.csproj", "{33BAAA6B-9B93-44B1-BD6F-816C1B8AC288}"
EndProject
Project("{FAE04EC0-301F-11D3-BF4B-00C04F79EFBC}") = "Metric Converter", "Metric Converter\Metric Converter.csproj", "{8CA6F878-9E39-4C54-B278-F682C7EC8C5B}"
EndProject
Project("{FAE04EC0-301F-11D3-BF4B-00C04F79EFBC}") = "Password Guess", "Password Guess\Password Guess.csproj", "{E3A24E4B-EA96-41C6-B01B-FFD4E4DAF4BF}"
EndProject
Project("{FAE04EC0-301F-11D3-BF4B-00C04F79EFBC}") = "From100To200", "From100To200\From100To200.csproj", "{AFC66571-B9E1-41B8-AFC0-3B50B74755DD}"
EndProject
Project("{FAE04EC0-301F-11D3-BF4B-00C04F79EFBC}") = "Equal words", "Equal words\Equal words.csproj", "{5D5085C0-C844-4E5A-B338-17FA5507D357}"
EndProject
Project("{FAE04EC0-301F-11D3-BF4B-00C04F79EFBC}") = "Speed info", "Speed info\Speed info.csproj", "{308512B1-CAB0-4063-B6B0-91367CAEBB9E}"
EndProject
Project("{FAE04EC0-301F-11D3-BF4B-00C04F79EFBC}") = "Area of figures", "Area of figures\Area of figures.csproj", "{2ECC24E9-EFFA-4FC8-A88A-874FCBA9BC3F}"
EndProject
Project("{FAE04EC0-301F-11D3-BF4B-00C04F79EFBC}") = "TimePlus15mins", "TimePlus15mins\TimePlus15mins.csproj", "{E95EAA2F-B3B3-47F6-AC5F-F629A15AECC0}"
EndProject
Project("{FAE04EC0-301F-11D3-BF4B-00C04F79EFBC}") = "ThreeEqualNums", "ThreeEqualNums\ThreeEqualNums.csproj", "{DEB069BB-8524-45FA-BAF7-04372A993238}"
EndProject
Project("{FAE04EC0-301F-11D3-BF4B-00C04F79EFBC}") = "From0To100", "From0To100\From0To100.csproj", "{94D3236C-598F-4F0A-9EE1-F9B76FF79FD9}"
EndProject
Project("{2150E333-8FDC-42A3-9474-1A3956D46DE8}") = "3.2", "3.2", "{1BCF140D-F06A-4F8F-8A80-C235989AF38D}"
EndProject
Project("{FAE04EC0-301F-11D3-BF4B-00C04F79EFBC}") = "Transport price", "Transport price\Transport price.csproj", "{096301C3-6AD8-46D2-9C9D-D24B33E9809E}"
EndProject
Project("{FAE04EC0-301F-11D3-BF4B-00C04F79EFBC}") = "Pipes in pool", "Pipes in pool\Pipes in pool.csproj", "{549CA409-2838-4F1C-9406-5B041B6FD1F0}"
EndProject
Project("{FAE04EC0-301F-11D3-BF4B-00C04F79EFBC}") = "Sleepy Tom Cat", "Sleepy Tom Cat\Sleepy Tom Cat.csproj", "{59D05DA3-4F53-45EA-B96E-C5CA8A622F83}"
EndProject
Project("{FAE04EC0-301F-11D3-BF4B-00C04F79EFBC}") = "TestTimersForms", "TestTimersForms\TestTimersForms.csproj", "{29070F7C-5F2E-40CA-B92B-6A493111508C}"
EndProject
Project("{FAE04EC0-301F-11D3-BF4B-00C04F79EFBC}") = "Harvest", "Harvest\Harvest.csproj", "{64DCDB18-445A-455D-9253-E49B9632E038}"
EndProject
Project("{FAE04EC0-301F-11D3-BF4B-00C04F79EFBC}") = "WritingRangeTestForm", "WritingRangeTestForm\WritingRangeTestForm.csproj", "{3D9511E9-F7F4-4EF6-8FFE-098E07758CA4}"
EndProject
Project("{FAE04EC0-301F-11D3-BF4B-00C04F79EFBC}") = "Firm", "Firm\Firm.csproj", "{D4FF18D9-6728-45D0-A2A7-362C0A038FD2}"
EndProject
Global
	GlobalSection(SolutionConfigurationPlatforms) = preSolution
		Debug|Any CPU = Debug|Any CPU
		Release|Any CPU = Release|Any CPU
	EndGlobalSection
	GlobalSection(ProjectConfigurationPlatforms) = postSolution
		{C173E470-2EF8-4833-BD0A-7462E63D790E}.Debug|Any CPU.ActiveCfg = Debug|Any CPU
		{C173E470-2EF8-4833-BD0A-7462E63D790E}.Debug|Any CPU.Build.0 = Debug|Any CPU
		{C173E470-2EF8-4833-BD0A-7462E63D790E}.Release|Any CPU.ActiveCfg = Release|Any CPU
		{C173E470-2EF8-4833-BD0A-7462E63D790E}.Release|Any CPU.Build.0 = Release|Any CPU
		{81E7F51E-6CAB-4069-87EE-942C7AEB6ADE}.Debug|Any CPU.ActiveCfg = Debug|Any CPU
		{81E7F51E-6CAB-4069-87EE-942C7AEB6ADE}.Debug|Any CPU.Build.0 = Debug|Any CPU
		{81E7F51E-6CAB-4069-87EE-942C7AEB6ADE}.Release|Any CPU.ActiveCfg = Release|Any CPU
		{81E7F51E-6CAB-4069-87EE-942C7AEB6ADE}.Release|Any CPU.Build.0 = Release|Any CPU
		{319AE54A-9B35-4B70-848C-617DAF55FE01}.Debug|Any CPU.ActiveCfg = Debug|Any CPU
		{319AE54A-9B35-4B70-848C-617DAF55FE01}.Debug|Any CPU.Build.0 = Debug|Any CPU
		{319AE54A-9B35-4B70-848C-617DAF55FE01}.Release|Any CPU.ActiveCfg = Release|Any CPU
		{319AE54A-9B35-4B70-848C-617DAF55FE01}.Release|Any CPU.Build.0 = Release|Any CPU
		{3F9279C1-8F8F-4933-A495-9C8966FAFED4}.Debug|Any CPU.ActiveCfg = Debug|Any CPU
		{3F9279C1-8F8F-4933-A495-9C8966FAFED4}.Debug|Any CPU.Build.0 = Debug|Any CPU
		{3F9279C1-8F8F-4933-A495-9C8966FAFED4}.Release|Any CPU.ActiveCfg = Release|Any CPU
		{3F9279C1-8F8F-4933-A495-9C8966FAFED4}.Release|Any CPU.Build.0 = Release|Any CPU
		{5EA1ED9C-2299-4C45-AAD9-89E9CFC45A9E}.Debug|Any CPU.ActiveCfg = Debug|Any CPU
		{5EA1ED9C-2299-4C45-AAD9-89E9CFC45A9E}.Debug|Any CPU.Build.0 = Debug|Any CPU
		{5EA1ED9C-2299-4C45-AAD9-89E9CFC45A9E}.Release|Any CPU.ActiveCfg = Release|Any CPU
		{5EA1ED9C-2299-4C45-AAD9-89E9CFC45A9E}.Release|Any CPU.Build.0 = Release|Any CPU
		{23FB1045-54E3-4381-9039-75A7C8282A3B}.Debug|Any CPU.ActiveCfg = Debug|Any CPU
		{23FB1045-54E3-4381-9039-75A7C8282A3B}.Debug|Any CPU.Build.0 = Debug|Any CPU
		{23FB1045-54E3-4381-9039-75A7C8282A3B}.Release|Any CPU.ActiveCfg = Release|Any CPU
		{23FB1045-54E3-4381-9039-75A7C8282A3B}.Release|Any CPU.Build.0 = Release|Any CPU
		{174F2A58-A923-4A70-8998-851FCC57E6BD}.Debug|Any CPU.ActiveCfg = Debug|Any CPU
		{174F2A58-A923-4A70-8998-851FCC57E6BD}.Debug|Any CPU.Build.0 = Debug|Any CPU
		{174F2A58-A923-4A70-8998-851FCC57E6BD}.Release|Any CPU.ActiveCfg = Release|Any CPU
		{174F2A58-A923-4A70-8998-851FCC57E6BD}.Release|Any CPU.Build.0 = Release|Any CPU
		{2D5C03C6-C93F-47AD-BD63-983794D43C11}.Debug|Any CPU.ActiveCfg = Debug|Any CPU
		{2D5C03C6-C93F-47AD-BD63-983794D43C11}.Debug|Any CPU.Build.0 = Debug|Any CPU
		{2D5C03C6-C93F-47AD-BD63-983794D43C11}.Release|Any CPU.ActiveCfg = Release|Any CPU
		{2D5C03C6-C93F-47AD-BD63-983794D43C11}.Release|Any CPU.Build.0 = Release|Any CPU
		{AA28E0A1-FDB9-4EA9-B810-47EDBAC27B2B}.Debug|Any CPU.ActiveCfg = Debug|Any CPU
		{AA28E0A1-FDB9-4EA9-B810-47EDBAC27B2B}.Debug|Any CPU.Build.0 = Debug|Any CPU
		{AA28E0A1-FDB9-4EA9-B810-47EDBAC27B2B}.Release|Any CPU.ActiveCfg = Release|Any CPU
		{AA28E0A1-FDB9-4EA9-B810-47EDBAC27B2B}.Release|Any CPU.Build.0 = Release|Any CPU
		{81B856AA-0BDE-4359-AE6E-FAA9D4CD68C2}.Debug|Any CPU.ActiveCfg = Debug|Any CPU
		{81B856AA-0BDE-4359-AE6E-FAA9D4CD68C2}.Debug|Any CPU.Build.0 = Debug|Any CPU
		{81B856AA-0BDE-4359-AE6E-FAA9D4CD68C2}.Release|Any CPU.ActiveCfg = Release|Any CPU
		{81B856AA-0BDE-4359-AE6E-FAA9D4CD68C2}.Release|Any CPU.Build.0 = Release|Any CPU
		{BDFCC6BD-D998-4121-BE58-2ED0EE7332F0}.Debug|Any CPU.ActiveCfg = Debug|Any CPU
		{BDFCC6BD-D998-4121-BE58-2ED0EE7332F0}.Debug|Any CPU.Build.0 = Debug|Any CPU
		{BDFCC6BD-D998-4121-BE58-2ED0EE7332F0}.Release|Any CPU.ActiveCfg = Release|Any CPU
		{BDFCC6BD-D998-4121-BE58-2ED0EE7332F0}.Release|Any CPU.Build.0 = Release|Any CPU
		{B881606D-9D07-4CB0-8385-B3294C271851}.Debug|Any CPU.ActiveCfg = Debug|Any CPU
		{B881606D-9D07-4CB0-8385-B3294C271851}.Debug|Any CPU.Build.0 = Debug|Any CPU
		{B881606D-9D07-4CB0-8385-B3294C271851}.Release|Any CPU.ActiveCfg = Release|Any CPU
		{B881606D-9D07-4CB0-8385-B3294C271851}.Release|Any CPU.Build.0 = Release|Any CPU
		{BD2D94AD-54ED-4509-8419-E1D0E0924AC2}.Debug|Any CPU.ActiveCfg = Debug|Any CPU
		{BD2D94AD-54ED-4509-8419-E1D0E0924AC2}.Debug|Any CPU.Build.0 = Debug|Any CPU
		{BD2D94AD-54ED-4509-8419-E1D0E0924AC2}.Release|Any CPU.ActiveCfg = Release|Any CPU
		{BD2D94AD-54ED-4509-8419-E1D0E0924AC2}.Release|Any CPU.Build.0 = Release|Any CPU
		{FB9A385B-0BA0-4DA7-9192-8C7A1057077C}.Debug|Any CPU.ActiveCfg = Debug|Any CPU
		{FB9A385B-0BA0-4DA7-9192-8C7A1057077C}.Debug|Any CPU.Build.0 = Debug|Any CPU
		{FB9A385B-0BA0-4DA7-9192-8C7A1057077C}.Release|Any CPU.ActiveCfg = Release|Any CPU
		{FB9A385B-0BA0-4DA7-9192-8C7A1057077C}.Release|Any CPU.Build.0 = Release|Any CPU
		{CBB2A76D-75A7-468B-A82A-F5EF4BD0BF75}.Debug|Any CPU.ActiveCfg = Debug|Any CPU
		{CBB2A76D-75A7-468B-A82A-F5EF4BD0BF75}.Debug|Any CPU.Build.0 = Debug|Any CPU
		{CBB2A76D-75A7-468B-A82A-F5EF4BD0BF75}.Release|Any CPU.ActiveCfg = Release|Any CPU
		{CBB2A76D-75A7-468B-A82A-F5EF4BD0BF75}.Release|Any CPU.Build.0 = Release|Any CPU
		{66875102-3D0A-4B8B-AB5B-AA516B1347B1}.Debug|Any CPU.ActiveCfg = Debug|Any CPU
		{66875102-3D0A-4B8B-AB5B-AA516B1347B1}.Debug|Any CPU.Build.0 = Debug|Any CPU
		{66875102-3D0A-4B8B-AB5B-AA516B1347B1}.Release|Any CPU.ActiveCfg = Release|Any CPU
		{66875102-3D0A-4B8B-AB5B-AA516B1347B1}.Release|Any CPU.Build.0 = Release|Any CPU
		{A93C82D6-A685-4037-9D2E-D8D5382AB923}.Debug|Any CPU.ActiveCfg = Debug|Any CPU
		{A93C82D6-A685-4037-9D2E-D8D5382AB923}.Debug|Any CPU.Build.0 = Debug|Any CPU
		{A93C82D6-A685-4037-9D2E-D8D5382AB923}.Release|Any CPU.ActiveCfg = Release|Any CPU
		{A93C82D6-A685-4037-9D2E-D8D5382AB923}.Release|Any CPU.Build.0 = Release|Any CPU
		{26A7BACF-25F1-4D0E-8270-9D4A50B74455}.Debug|Any CPU.ActiveCfg = Debug|Any CPU
		{26A7BACF-25F1-4D0E-8270-9D4A50B74455}.Debug|Any CPU.Build.0 = Debug|Any CPU
		{26A7BACF-25F1-4D0E-8270-9D4A50B74455}.Release|Any CPU.ActiveCfg = Release|Any CPU
		{26A7BACF-25F1-4D0E-8270-9D4A50B74455}.Release|Any CPU.Build.0 = Release|Any CPU
		{5EA43AE2-1C8B-463D-B89E-5414F343C76E}.Debug|Any CPU.ActiveCfg = Debug|Any CPU
		{5EA43AE2-1C8B-463D-B89E-5414F343C76E}.Debug|Any CPU.Build.0 = Debug|Any CPU
		{5EA43AE2-1C8B-463D-B89E-5414F343C76E}.Release|Any CPU.ActiveCfg = Release|Any CPU
		{5EA43AE2-1C8B-463D-B89E-5414F343C76E}.Release|Any CPU.Build.0 = Release|Any CPU
		{E1E22F72-9A09-4393-89D6-AB4F93960685}.Debug|Any CPU.ActiveCfg = Debug|Any CPU
		{E1E22F72-9A09-4393-89D6-AB4F93960685}.Debug|Any CPU.Build.0 = Debug|Any CPU
		{E1E22F72-9A09-4393-89D6-AB4F93960685}.Release|Any CPU.ActiveCfg = Release|Any CPU
		{E1E22F72-9A09-4393-89D6-AB4F93960685}.Release|Any CPU.Build.0 = Release|Any CPU
		{F6054C3F-2302-47DA-B5E5-332A38FFBD4C}.Debug|Any CPU.ActiveCfg = Debug|Any CPU
		{F6054C3F-2302-47DA-B5E5-332A38FFBD4C}.Debug|Any CPU.Build.0 = Debug|Any CPU
		{F6054C3F-2302-47DA-B5E5-332A38FFBD4C}.Release|Any CPU.ActiveCfg = Release|Any CPU
		{F6054C3F-2302-47DA-B5E5-332A38FFBD4C}.Release|Any CPU.Build.0 = Release|Any CPU
		{33BAAA6B-9B93-44B1-BD6F-816C1B8AC288}.Debug|Any CPU.ActiveCfg = Debug|Any CPU
		{33BAAA6B-9B93-44B1-BD6F-816C1B8AC288}.Debug|Any CPU.Build.0 = Debug|Any CPU
		{33BAAA6B-9B93-44B1-BD6F-816C1B8AC288}.Release|Any CPU.ActiveCfg = Release|Any CPU
		{33BAAA6B-9B93-44B1-BD6F-816C1B8AC288}.Release|Any CPU.Build.0 = Release|Any CPU
		{8CA6F878-9E39-4C54-B278-F682C7EC8C5B}.Debug|Any CPU.ActiveCfg = Debug|Any CPU
		{8CA6F878-9E39-4C54-B278-F682C7EC8C5B}.Debug|Any CPU.Build.0 = Debug|Any CPU
		{8CA6F878-9E39-4C54-B278-F682C7EC8C5B}.Release|Any CPU.ActiveCfg = Release|Any CPU
		{8CA6F878-9E39-4C54-B278-F682C7EC8C5B}.Release|Any CPU.Build.0 = Release|Any CPU
		{E3A24E4B-EA96-41C6-B01B-FFD4E4DAF4BF}.Debug|Any CPU.ActiveCfg = Debug|Any CPU
		{E3A24E4B-EA96-41C6-B01B-FFD4E4DAF4BF}.Debug|Any CPU.Build.0 = Debug|Any CPU
		{E3A24E4B-EA96-41C6-B01B-FFD4E4DAF4BF}.Release|Any CPU.ActiveCfg = Release|Any CPU
		{E3A24E4B-EA96-41C6-B01B-FFD4E4DAF4BF}.Release|Any CPU.Build.0 = Release|Any CPU
		{AFC66571-B9E1-41B8-AFC0-3B50B74755DD}.Debug|Any CPU.ActiveCfg = Debug|Any CPU
		{AFC66571-B9E1-41B8-AFC0-3B50B74755DD}.Debug|Any CPU.Build.0 = Debug|Any CPU
		{AFC66571-B9E1-41B8-AFC0-3B50B74755DD}.Release|Any CPU.ActiveCfg = Release|Any CPU
		{AFC66571-B9E1-41B8-AFC0-3B50B74755DD}.Release|Any CPU.Build.0 = Release|Any CPU
		{5D5085C0-C844-4E5A-B338-17FA5507D357}.Debug|Any CPU.ActiveCfg = Debug|Any CPU
		{5D5085C0-C844-4E5A-B338-17FA5507D357}.Debug|Any CPU.Build.0 = Debug|Any CPU
		{5D5085C0-C844-4E5A-B338-17FA5507D357}.Release|Any CPU.ActiveCfg = Release|Any CPU
		{5D5085C0-C844-4E5A-B338-17FA5507D357}.Release|Any CPU.Build.0 = Release|Any CPU
		{308512B1-CAB0-4063-B6B0-91367CAEBB9E}.Debug|Any CPU.ActiveCfg = Debug|Any CPU
		{308512B1-CAB0-4063-B6B0-91367CAEBB9E}.Debug|Any CPU.Build.0 = Debug|Any CPU
		{308512B1-CAB0-4063-B6B0-91367CAEBB9E}.Release|Any CPU.ActiveCfg = Release|Any CPU
		{308512B1-CAB0-4063-B6B0-91367CAEBB9E}.Release|Any CPU.Build.0 = Release|Any CPU
		{2ECC24E9-EFFA-4FC8-A88A-874FCBA9BC3F}.Debug|Any CPU.ActiveCfg = Debug|Any CPU
		{2ECC24E9-EFFA-4FC8-A88A-874FCBA9BC3F}.Debug|Any CPU.Build.0 = Debug|Any CPU
		{2ECC24E9-EFFA-4FC8-A88A-874FCBA9BC3F}.Release|Any CPU.ActiveCfg = Release|Any CPU
		{2ECC24E9-EFFA-4FC8-A88A-874FCBA9BC3F}.Release|Any CPU.Build.0 = Release|Any CPU
		{E95EAA2F-B3B3-47F6-AC5F-F629A15AECC0}.Debug|Any CPU.ActiveCfg = Debug|Any CPU
		{E95EAA2F-B3B3-47F6-AC5F-F629A15AECC0}.Debug|Any CPU.Build.0 = Debug|Any CPU
		{E95EAA2F-B3B3-47F6-AC5F-F629A15AECC0}.Release|Any CPU.ActiveCfg = Release|Any CPU
		{E95EAA2F-B3B3-47F6-AC5F-F629A15AECC0}.Release|Any CPU.Build.0 = Release|Any CPU
		{DEB069BB-8524-45FA-BAF7-04372A993238}.Debug|Any CPU.ActiveCfg = Debug|Any CPU
		{DEB069BB-8524-45FA-BAF7-04372A993238}.Debug|Any CPU.Build.0 = Debug|Any CPU
		{DEB069BB-8524-45FA-BAF7-04372A993238}.Release|Any CPU.ActiveCfg = Release|Any CPU
		{DEB069BB-8524-45FA-BAF7-04372A993238}.Release|Any CPU.Build.0 = Release|Any CPU
		{94D3236C-598F-4F0A-9EE1-F9B76FF79FD9}.Debug|Any CPU.ActiveCfg = Debug|Any CPU
		{94D3236C-598F-4F0A-9EE1-F9B76FF79FD9}.Debug|Any CPU.Build.0 = Debug|Any CPU
		{94D3236C-598F-4F0A-9EE1-F9B76FF79FD9}.Release|Any CPU.ActiveCfg = Release|Any CPU
		{94D3236C-598F-4F0A-9EE1-F9B76FF79FD9}.Release|Any CPU.Build.0 = Release|Any CPU
		{096301C3-6AD8-46D2-9C9D-D24B33E9809E}.Debug|Any CPU.ActiveCfg = Debug|Any CPU
		{096301C3-6AD8-46D2-9C9D-D24B33E9809E}.Debug|Any CPU.Build.0 = Debug|Any CPU
		{096301C3-6AD8-46D2-9C9D-D24B33E9809E}.Release|Any CPU.ActiveCfg = Release|Any CPU
		{096301C3-6AD8-46D2-9C9D-D24B33E9809E}.Release|Any CPU.Build.0 = Release|Any CPU
		{549CA409-2838-4F1C-9406-5B041B6FD1F0}.Debug|Any CPU.ActiveCfg = Debug|Any CPU
		{549CA409-2838-4F1C-9406-5B041B6FD1F0}.Debug|Any CPU.Build.0 = Debug|Any CPU
		{549CA409-2838-4F1C-9406-5B041B6FD1F0}.Release|Any CPU.ActiveCfg = Release|Any CPU
		{549CA409-2838-4F1C-9406-5B041B6FD1F0}.Release|Any CPU.Build.0 = Release|Any CPU
		{59D05DA3-4F53-45EA-B96E-C5CA8A622F83}.Debug|Any CPU.ActiveCfg = Debug|Any CPU
		{59D05DA3-4F53-45EA-B96E-C5CA8A622F83}.Debug|Any CPU.Build.0 = Debug|Any CPU
		{59D05DA3-4F53-45EA-B96E-C5CA8A622F83}.Release|Any CPU.ActiveCfg = Release|Any CPU
		{59D05DA3-4F53-45EA-B96E-C5CA8A622F83}.Release|Any CPU.Build.0 = Release|Any CPU
		{29070F7C-5F2E-40CA-B92B-6A493111508C}.Debug|Any CPU.ActiveCfg = Debug|Any CPU
		{29070F7C-5F2E-40CA-B92B-6A493111508C}.Debug|Any CPU.Build.0 = Debug|Any CPU
		{29070F7C-5F2E-40CA-B92B-6A493111508C}.Release|Any CPU.ActiveCfg = Release|Any CPU
		{29070F7C-5F2E-40CA-B92B-6A493111508C}.Release|Any CPU.Build.0 = Release|Any CPU
		{64DCDB18-445A-455D-9253-E49B9632E038}.Debug|Any CPU.ActiveCfg = Debug|Any CPU
		{64DCDB18-445A-455D-9253-E49B9632E038}.Debug|Any CPU.Build.0 = Debug|Any CPU
		{64DCDB18-445A-455D-9253-E49B9632E038}.Release|Any CPU.ActiveCfg = Release|Any CPU
		{64DCDB18-445A-455D-9253-E49B9632E038}.Release|Any CPU.Build.0 = Release|Any CPU
		{3D9511E9-F7F4-4EF6-8FFE-098E07758CA4}.Debug|Any CPU.ActiveCfg = Debug|Any CPU
		{3D9511E9-F7F4-4EF6-8FFE-098E07758CA4}.Debug|Any CPU.Build.0 = Debug|Any CPU
		{3D9511E9-F7F4-4EF6-8FFE-098E07758CA4}.Release|Any CPU.ActiveCfg = Release|Any CPU
		{3D9511E9-F7F4-4EF6-8FFE-098E07758CA4}.Release|Any CPU.Build.0 = Release|Any CPU
		{D4FF18D9-6728-45D0-A2A7-362C0A038FD2}.Debug|Any CPU.ActiveCfg = Debug|Any CPU
		{D4FF18D9-6728-45D0-A2A7-362C0A038FD2}.Debug|Any CPU.Build.0 = Debug|Any CPU
		{D4FF18D9-6728-45D0-A2A7-362C0A038FD2}.Release|Any CPU.ActiveCfg = Release|Any CPU
		{D4FF18D9-6728-45D0-A2A7-362C0A038FD2}.Release|Any CPU.Build.0 = Release|Any CPU
	EndGlobalSection
	GlobalSection(SolutionProperties) = preSolution
		HideSolutionNode = FALSE
	EndGlobalSection
	GlobalSection(NestedProjects) = preSolution
		{C173E470-2EF8-4833-BD0A-7462E63D790E} = {84A4E985-A8D9-4152-8BF1-4A02E4A3A0D6}
		{81E7F51E-6CAB-4069-87EE-942C7AEB6ADE} = {84A4E985-A8D9-4152-8BF1-4A02E4A3A0D6}
		{319AE54A-9B35-4B70-848C-617DAF55FE01} = {84A4E985-A8D9-4152-8BF1-4A02E4A3A0D6}
		{3F9279C1-8F8F-4933-A495-9C8966FAFED4} = {84A4E985-A8D9-4152-8BF1-4A02E4A3A0D6}
		{5EA1ED9C-2299-4C45-AAD9-89E9CFC45A9E} = {84A4E985-A8D9-4152-8BF1-4A02E4A3A0D6}
		{23FB1045-54E3-4381-9039-75A7C8282A3B} = {84A4E985-A8D9-4152-8BF1-4A02E4A3A0D6}
		{174F2A58-A923-4A70-8998-851FCC57E6BD} = {84A4E985-A8D9-4152-8BF1-4A02E4A3A0D6}
		{2D5C03C6-C93F-47AD-BD63-983794D43C11} = {C683813B-9D6B-4AB7-AF4D-23B194DD5E8D}
		{AA28E0A1-FDB9-4EA9-B810-47EDBAC27B2B} = {84A4E985-A8D9-4152-8BF1-4A02E4A3A0D6}
		{81B856AA-0BDE-4359-AE6E-FAA9D4CD68C2} = {84A4E985-A8D9-4152-8BF1-4A02E4A3A0D6}
		{BDFCC6BD-D998-4121-BE58-2ED0EE7332F0} = {16883B88-0C92-4A93-8ACA-A3FC85B32559}
		{B881606D-9D07-4CB0-8385-B3294C271851} = {16883B88-0C92-4A93-8ACA-A3FC85B32559}
		{BD2D94AD-54ED-4509-8419-E1D0E0924AC2} = {16883B88-0C92-4A93-8ACA-A3FC85B32559}
		{FB9A385B-0BA0-4DA7-9192-8C7A1057077C} = {16883B88-0C92-4A93-8ACA-A3FC85B32559}
		{CBB2A76D-75A7-468B-A82A-F5EF4BD0BF75} = {16883B88-0C92-4A93-8ACA-A3FC85B32559}
		{66875102-3D0A-4B8B-AB5B-AA516B1347B1} = {5A9C9AD7-41B1-41E1-BE0D-170A9D686C57}
		{A93C82D6-A685-4037-9D2E-D8D5382AB923} = {5A9C9AD7-41B1-41E1-BE0D-170A9D686C57}
		{26A7BACF-25F1-4D0E-8270-9D4A50B74455} = {5A9C9AD7-41B1-41E1-BE0D-170A9D686C57}
		{5EA43AE2-1C8B-463D-B89E-5414F343C76E} = {5A9C9AD7-41B1-41E1-BE0D-170A9D686C57}
		{E1E22F72-9A09-4393-89D6-AB4F93960685} = {5A9C9AD7-41B1-41E1-BE0D-170A9D686C57}
		{F6054C3F-2302-47DA-B5E5-332A38FFBD4C} = {5A9C9AD7-41B1-41E1-BE0D-170A9D686C57}
		{33BAAA6B-9B93-44B1-BD6F-816C1B8AC288} = {5A9C9AD7-41B1-41E1-BE0D-170A9D686C57}
		{8CA6F878-9E39-4C54-B278-F682C7EC8C5B} = {5A9C9AD7-41B1-41E1-BE0D-170A9D686C57}
		{E3A24E4B-EA96-41C6-B01B-FFD4E4DAF4BF} = {5A9C9AD7-41B1-41E1-BE0D-170A9D686C57}
		{AFC66571-B9E1-41B8-AFC0-3B50B74755DD} = {5A9C9AD7-41B1-41E1-BE0D-170A9D686C57}
		{5D5085C0-C844-4E5A-B338-17FA5507D357} = {5A9C9AD7-41B1-41E1-BE0D-170A9D686C57}
		{308512B1-CAB0-4063-B6B0-91367CAEBB9E} = {5A9C9AD7-41B1-41E1-BE0D-170A9D686C57}
		{2ECC24E9-EFFA-4FC8-A88A-874FCBA9BC3F} = {5A9C9AD7-41B1-41E1-BE0D-170A9D686C57}
		{E95EAA2F-B3B3-47F6-AC5F-F629A15AECC0} = {5A9C9AD7-41B1-41E1-BE0D-170A9D686C57}
		{DEB069BB-8524-45FA-BAF7-04372A993238} = {5A9C9AD7-41B1-41E1-BE0D-170A9D686C57}
		{94D3236C-598F-4F0A-9EE1-F9B76FF79FD9} = {5A9C9AD7-41B1-41E1-BE0D-170A9D686C57}
		{096301C3-6AD8-46D2-9C9D-D24B33E9809E} = {1BCF140D-F06A-4F8F-8A80-C235989AF38D}
		{549CA409-2838-4F1C-9406-5B041B6FD1F0} = {1BCF140D-F06A-4F8F-8A80-C235989AF38D}
		{59D05DA3-4F53-45EA-B96E-C5CA8A622F83} = {1BCF140D-F06A-4F8F-8A80-C235989AF38D}
		{64DCDB18-445A-455D-9253-E49B9632E038} = {1BCF140D-F06A-4F8F-8A80-C235989AF38D}
		{D4FF18D9-6728-45D0-A2A7-362C0A038FD2} = {1BCF140D-F06A-4F8F-8A80-C235989AF38D}
	EndGlobalSection
	GlobalSection(ExtensibilityGlobals) = postSolution
		SolutionGuid = {C809A3D5-168A-44B3-A591-60BB714A00F3}
	EndGlobalSection
EndGlobal
