
Microsoft Visual Studio Solution File, Format Version 12.00
# Visual Studio 15
VisualStudioVersion = 15.0.27428.2037
MinimumVisualStudioVersion = 10.0.40219.1
Project("{FAE04EC0-301F-11D3-BF4B-00C04F79EFBC}") = "Personal Titles", "Personal Titles\Personal Titles.csproj", "{79D4880D-3E3D-435D-A78D-ED8645C46A81}"
EndProject
Project("{FAE04EC0-301F-11D3-BF4B-00C04F79EFBC}") = "Small shop", "Small shop\Small shop.csproj", "{99344DE3-E1FB-4880-8603-8DEBAB6E527A}"
EndProject
Project("{FAE04EC0-301F-11D3-BF4B-00C04F79EFBC}") = "Point in a Rectangle", "Point in a Rectangle\Point in a Rectangle.csproj", "{1FE94322-4C87-4B63-BBC1-6B11C05BF0A9}"
EndProject
Project("{FAE04EC0-301F-11D3-BF4B-00C04F79EFBC}") = "Fruit or Vegetable", "Fruit or Vegetable\Fruit or Vegetable.csproj", "{3FEC36C9-039E-4A98-ADC9-6D519CC47B56}"
EndProject
Project("{FAE04EC0-301F-11D3-BF4B-00C04F79EFBC}") = "Invalid number", "Invalid number\Invalid number.csproj", "{F443313A-4585-47E6-80C6-11F0E3E56FB8}"
EndProject
Project("{FAE04EC0-301F-11D3-BF4B-00C04F79EFBC}") = "Point on the Border", "Point on the Border\Point on the Border.csproj", "{5CECD5AF-742D-45DA-AFE6-B6362690469C}"
EndProject
Project("{FAE04EC0-301F-11D3-BF4B-00C04F79EFBC}") = "Fruit shop", "Fruit shop\Fruit shop.csproj", "{599AEA4E-B259-4CB4-B018-CF2088DD33D6}"
EndProject
Project("{FAE04EC0-301F-11D3-BF4B-00C04F79EFBC}") = "Trade Comissions", "Trade Comissions\Trade Comissions.csproj", "{000F384B-64E8-4889-80A1-2333987CA379}"
EndProject
Project("{FAE04EC0-301F-11D3-BF4B-00C04F79EFBC}") = "Week days", "Week days\Week days.csproj", "{97725B17-427B-4DCF-ADF7-3FE2B8953329}"
EndProject
Project("{FAE04EC0-301F-11D3-BF4B-00C04F79EFBC}") = "Animal Type", "Animal Type\Animal Type.csproj", "{EABD537D-5B44-4DC6-8E73-99C0374045C3}"
EndProject
Project("{FAE04EC0-301F-11D3-BF4B-00C04F79EFBC}") = "Cinema", "Cinema\Cinema.csproj", "{E10B0730-53A1-4D90-9636-8A50E0E0C4E5}"
EndProject
Project("{FAE04EC0-301F-11D3-BF4B-00C04F79EFBC}") = "Volleyball", "Volleyball\Volleyball.csproj", "{61ABBC26-DE94-4E48-9100-16C08406036B}"
EndProject
Project("{FAE04EC0-301F-11D3-BF4B-00C04F79EFBC}") = "Point in Figure", "Point in Figure\Point in Figure.csproj", "{0E025F9B-5613-4A65-916A-A6490175CEE0}"
EndProject
Project("{2150E333-8FDC-42A3-9474-1A3956D46DE8}") = "4.1", "4.1", "{C5F4B902-A4F4-484E-9171-5A022109ACF6}"
EndProject
Project("{2150E333-8FDC-42A3-9474-1A3956D46DE8}") = "4.2", "4.2", "{E96D513B-F43A-4196-AD98-6A1B3D8EA877}"
EndProject
Project("{FAE04EC0-301F-11D3-BF4B-00C04F79EFBC}") = "On Time for the Exam", "On Time for the Exam\On Time for the Exam.csproj", "{0399C042-2D82-4CF3-B715-5F460E9CF1F2}"
EndProject
Global
	GlobalSection(SolutionConfigurationPlatforms) = preSolution
		Debug|Any CPU = Debug|Any CPU
		Release|Any CPU = Release|Any CPU
	EndGlobalSection
	GlobalSection(ProjectConfigurationPlatforms) = postSolution
		{79D4880D-3E3D-435D-A78D-ED8645C46A81}.Debug|Any CPU.ActiveCfg = Debug|Any CPU
		{79D4880D-3E3D-435D-A78D-ED8645C46A81}.Debug|Any CPU.Build.0 = Debug|Any CPU
		{79D4880D-3E3D-435D-A78D-ED8645C46A81}.Release|Any CPU.ActiveCfg = Release|Any CPU
		{79D4880D-3E3D-435D-A78D-ED8645C46A81}.Release|Any CPU.Build.0 = Release|Any CPU
		{99344DE3-E1FB-4880-8603-8DEBAB6E527A}.Debug|Any CPU.ActiveCfg = Debug|Any CPU
		{99344DE3-E1FB-4880-8603-8DEBAB6E527A}.Debug|Any CPU.Build.0 = Debug|Any CPU
		{99344DE3-E1FB-4880-8603-8DEBAB6E527A}.Release|Any CPU.ActiveCfg = Release|Any CPU
		{99344DE3-E1FB-4880-8603-8DEBAB6E527A}.Release|Any CPU.Build.0 = Release|Any CPU
		{1FE94322-4C87-4B63-BBC1-6B11C05BF0A9}.Debug|Any CPU.ActiveCfg = Debug|Any CPU
		{1FE94322-4C87-4B63-BBC1-6B11C05BF0A9}.Debug|Any CPU.Build.0 = Debug|Any CPU
		{1FE94322-4C87-4B63-BBC1-6B11C05BF0A9}.Release|Any CPU.ActiveCfg = Release|Any CPU
		{1FE94322-4C87-4B63-BBC1-6B11C05BF0A9}.Release|Any CPU.Build.0 = Release|Any CPU
		{3FEC36C9-039E-4A98-ADC9-6D519CC47B56}.Debug|Any CPU.ActiveCfg = Debug|Any CPU
		{3FEC36C9-039E-4A98-ADC9-6D519CC47B56}.Debug|Any CPU.Build.0 = Debug|Any CPU
		{3FEC36C9-039E-4A98-ADC9-6D519CC47B56}.Release|Any CPU.ActiveCfg = Release|Any CPU
		{3FEC36C9-039E-4A98-ADC9-6D519CC47B56}.Release|Any CPU.Build.0 = Release|Any CPU
		{F443313A-4585-47E6-80C6-11F0E3E56FB8}.Debug|Any CPU.ActiveCfg = Debug|Any CPU
		{F443313A-4585-47E6-80C6-11F0E3E56FB8}.Debug|Any CPU.Build.0 = Debug|Any CPU
		{F443313A-4585-47E6-80C6-11F0E3E56FB8}.Release|Any CPU.ActiveCfg = Release|Any CPU
		{F443313A-4585-47E6-80C6-11F0E3E56FB8}.Release|Any CPU.Build.0 = Release|Any CPU
		{5CECD5AF-742D-45DA-AFE6-B6362690469C}.Debug|Any CPU.ActiveCfg = Debug|Any CPU
		{5CECD5AF-742D-45DA-AFE6-B6362690469C}.Debug|Any CPU.Build.0 = Debug|Any CPU
		{5CECD5AF-742D-45DA-AFE6-B6362690469C}.Release|Any CPU.ActiveCfg = Release|Any CPU
		{5CECD5AF-742D-45DA-AFE6-B6362690469C}.Release|Any CPU.Build.0 = Release|Any CPU
		{599AEA4E-B259-4CB4-B018-CF2088DD33D6}.Debug|Any CPU.ActiveCfg = Debug|Any CPU
		{599AEA4E-B259-4CB4-B018-CF2088DD33D6}.Debug|Any CPU.Build.0 = Debug|Any CPU
		{599AEA4E-B259-4CB4-B018-CF2088DD33D6}.Release|Any CPU.ActiveCfg = Release|Any CPU
		{599AEA4E-B259-4CB4-B018-CF2088DD33D6}.Release|Any CPU.Build.0 = Release|Any CPU
		{000F384B-64E8-4889-80A1-2333987CA379}.Debug|Any CPU.ActiveCfg = Debug|Any CPU
		{000F384B-64E8-4889-80A1-2333987CA379}.Debug|Any CPU.Build.0 = Debug|Any CPU
		{000F384B-64E8-4889-80A1-2333987CA379}.Release|Any CPU.ActiveCfg = Release|Any CPU
		{000F384B-64E8-4889-80A1-2333987CA379}.Release|Any CPU.Build.0 = Release|Any CPU
		{97725B17-427B-4DCF-ADF7-3FE2B8953329}.Debug|Any CPU.ActiveCfg = Debug|Any CPU
		{97725B17-427B-4DCF-ADF7-3FE2B8953329}.Debug|Any CPU.Build.0 = Debug|Any CPU
		{97725B17-427B-4DCF-ADF7-3FE2B8953329}.Release|Any CPU.ActiveCfg = Release|Any CPU
		{97725B17-427B-4DCF-ADF7-3FE2B8953329}.Release|Any CPU.Build.0 = Release|Any CPU
		{EABD537D-5B44-4DC6-8E73-99C0374045C3}.Debug|Any CPU.ActiveCfg = Debug|Any CPU
		{EABD537D-5B44-4DC6-8E73-99C0374045C3}.Debug|Any CPU.Build.0 = Debug|Any CPU
		{EABD537D-5B44-4DC6-8E73-99C0374045C3}.Release|Any CPU.ActiveCfg = Release|Any CPU
		{EABD537D-5B44-4DC6-8E73-99C0374045C3}.Release|Any CPU.Build.0 = Release|Any CPU
		{E10B0730-53A1-4D90-9636-8A50E0E0C4E5}.Debug|Any CPU.ActiveCfg = Debug|Any CPU
		{E10B0730-53A1-4D90-9636-8A50E0E0C4E5}.Debug|Any CPU.Build.0 = Debug|Any CPU
		{E10B0730-53A1-4D90-9636-8A50E0E0C4E5}.Release|Any CPU.ActiveCfg = Release|Any CPU
		{E10B0730-53A1-4D90-9636-8A50E0E0C4E5}.Release|Any CPU.Build.0 = Release|Any CPU
		{61ABBC26-DE94-4E48-9100-16C08406036B}.Debug|Any CPU.ActiveCfg = Debug|Any CPU
		{61ABBC26-DE94-4E48-9100-16C08406036B}.Debug|Any CPU.Build.0 = Debug|Any CPU
		{61ABBC26-DE94-4E48-9100-16C08406036B}.Release|Any CPU.ActiveCfg = Release|Any CPU
		{61ABBC26-DE94-4E48-9100-16C08406036B}.Release|Any CPU.Build.0 = Release|Any CPU
		{0E025F9B-5613-4A65-916A-A6490175CEE0}.Debug|Any CPU.ActiveCfg = Debug|Any CPU
		{0E025F9B-5613-4A65-916A-A6490175CEE0}.Debug|Any CPU.Build.0 = Debug|Any CPU
		{0E025F9B-5613-4A65-916A-A6490175CEE0}.Release|Any CPU.ActiveCfg = Release|Any CPU
		{0E025F9B-5613-4A65-916A-A6490175CEE0}.Release|Any CPU.Build.0 = Release|Any CPU
		{0399C042-2D82-4CF3-B715-5F460E9CF1F2}.Debug|Any CPU.ActiveCfg = Debug|Any CPU
		{0399C042-2D82-4CF3-B715-5F460E9CF1F2}.Debug|Any CPU.Build.0 = Debug|Any CPU
		{0399C042-2D82-4CF3-B715-5F460E9CF1F2}.Release|Any CPU.ActiveCfg = Release|Any CPU
		{0399C042-2D82-4CF3-B715-5F460E9CF1F2}.Release|Any CPU.Build.0 = Release|Any CPU
	EndGlobalSection
	GlobalSection(SolutionProperties) = preSolution
		HideSolutionNode = FALSE
	EndGlobalSection
	GlobalSection(NestedProjects) = preSolution
		{79D4880D-3E3D-435D-A78D-ED8645C46A81} = {C5F4B902-A4F4-484E-9171-5A022109ACF6}
		{99344DE3-E1FB-4880-8603-8DEBAB6E527A} = {C5F4B902-A4F4-484E-9171-5A022109ACF6}
		{1FE94322-4C87-4B63-BBC1-6B11C05BF0A9} = {C5F4B902-A4F4-484E-9171-5A022109ACF6}
		{3FEC36C9-039E-4A98-ADC9-6D519CC47B56} = {C5F4B902-A4F4-484E-9171-5A022109ACF6}
		{F443313A-4585-47E6-80C6-11F0E3E56FB8} = {C5F4B902-A4F4-484E-9171-5A022109ACF6}
		{5CECD5AF-742D-45DA-AFE6-B6362690469C} = {C5F4B902-A4F4-484E-9171-5A022109ACF6}
		{599AEA4E-B259-4CB4-B018-CF2088DD33D6} = {C5F4B902-A4F4-484E-9171-5A022109ACF6}
		{000F384B-64E8-4889-80A1-2333987CA379} = {C5F4B902-A4F4-484E-9171-5A022109ACF6}
		{97725B17-427B-4DCF-ADF7-3FE2B8953329} = {C5F4B902-A4F4-484E-9171-5A022109ACF6}
		{EABD537D-5B44-4DC6-8E73-99C0374045C3} = {C5F4B902-A4F4-484E-9171-5A022109ACF6}
		{E10B0730-53A1-4D90-9636-8A50E0E0C4E5} = {C5F4B902-A4F4-484E-9171-5A022109ACF6}
		{61ABBC26-DE94-4E48-9100-16C08406036B} = {C5F4B902-A4F4-484E-9171-5A022109ACF6}
		{0E025F9B-5613-4A65-916A-A6490175CEE0} = {C5F4B902-A4F4-484E-9171-5A022109ACF6}
		{0399C042-2D82-4CF3-B715-5F460E9CF1F2} = {E96D513B-F43A-4196-AD98-6A1B3D8EA877}
	EndGlobalSection
	GlobalSection(ExtensibilityGlobals) = postSolution
		SolutionGuid = {52319B44-17BC-4F37-BC53-9127EE448C33}
	EndGlobalSection
EndGlobal
