
Microsoft Visual Studio Solution File, Format Version 12.00
# Visual Studio 15
VisualStudioVersion = 15.0.28307.645
MinimumVisualStudioVersion = 10.0.40219.1
Project("{2150E333-8FDC-42A3-9474-1A3956D46DE8}") = "Lecture", "Lecture", "{AFBABA5A-05F9-4D57-A2E8-DD6B092F477A}"
EndProject
Project("{2150E333-8FDC-42A3-9474-1A3956D46DE8}") = "Solution Items", "Solution Items", "{DB7FB51F-C666-4AF3-A6B9-DAFF28324457}"
	ProjectSection(SolutionItems) = preProject
		02. CSharp-Advanced-Multidimensional-Arrays-Lab.docx = 02. CSharp-Advanced-Multidimensional-Arrays-Lab.docx
	EndProjectSection
EndProject
Project("{FAE04EC0-301F-11D3-BF4B-00C04F79EFBC}") = "P01SumMatrixElements", "P01SumMatrixElements\P01SumMatrixElements.csproj", "{5973CE6D-C732-482A-AE0B-5A27EA8A9B8A}"
EndProject
Project("{FAE04EC0-301F-11D3-BF4B-00C04F79EFBC}") = "P02SumMatrixColumns", "P02SumMatrixColumns\P02SumMatrixColumns.csproj", "{9DA1BCD3-F7A0-4001-AF5A-ADCAA25BEC8C}"
EndProject
Project("{FAE04EC0-301F-11D3-BF4B-00C04F79EFBC}") = "P05SquareWithMaximumSum", "P05SquareWithMaximumSum\P05SquareWithMaximumSum.csproj", "{AE498F46-289F-4B11-8503-DBF400E8FB69}"
EndProject
Project("{FAE04EC0-301F-11D3-BF4B-00C04F79EFBC}") = "P03PrimaryDiagonal", "P03PrimaryDiagonal\P03PrimaryDiagonal.csproj", "{7873290B-3668-490D-AA72-3D3471DF24A4}"
EndProject
Project("{FAE04EC0-301F-11D3-BF4B-00C04F79EFBC}") = "P04SymbolInMatrix", "P04SymbolInMatrix\P04SymbolInMatrix.csproj", "{73715127-2001-4AB1-9F3F-C5B9146C78B6}"
EndProject
Global
	GlobalSection(SolutionConfigurationPlatforms) = preSolution
		Debug|Any CPU = Debug|Any CPU
		Release|Any CPU = Release|Any CPU
	EndGlobalSection
	GlobalSection(ProjectConfigurationPlatforms) = postSolution
		{5973CE6D-C732-482A-AE0B-5A27EA8A9B8A}.Debug|Any CPU.ActiveCfg = Debug|Any CPU
		{5973CE6D-C732-482A-AE0B-5A27EA8A9B8A}.Debug|Any CPU.Build.0 = Debug|Any CPU
		{5973CE6D-C732-482A-AE0B-5A27EA8A9B8A}.Release|Any CPU.ActiveCfg = Release|Any CPU
		{5973CE6D-C732-482A-AE0B-5A27EA8A9B8A}.Release|Any CPU.Build.0 = Release|Any CPU
		{9DA1BCD3-F7A0-4001-AF5A-ADCAA25BEC8C}.Debug|Any CPU.ActiveCfg = Debug|Any CPU
		{9DA1BCD3-F7A0-4001-AF5A-ADCAA25BEC8C}.Debug|Any CPU.Build.0 = Debug|Any CPU
		{9DA1BCD3-F7A0-4001-AF5A-ADCAA25BEC8C}.Release|Any CPU.ActiveCfg = Release|Any CPU
		{9DA1BCD3-F7A0-4001-AF5A-ADCAA25BEC8C}.Release|Any CPU.Build.0 = Release|Any CPU
		{AE498F46-289F-4B11-8503-DBF400E8FB69}.Debug|Any CPU.ActiveCfg = Debug|Any CPU
		{AE498F46-289F-4B11-8503-DBF400E8FB69}.Debug|Any CPU.Build.0 = Debug|Any CPU
		{AE498F46-289F-4B11-8503-DBF400E8FB69}.Release|Any CPU.ActiveCfg = Release|Any CPU
		{AE498F46-289F-4B11-8503-DBF400E8FB69}.Release|Any CPU.Build.0 = Release|Any CPU
		{7873290B-3668-490D-AA72-3D3471DF24A4}.Debug|Any CPU.ActiveCfg = Debug|Any CPU
		{7873290B-3668-490D-AA72-3D3471DF24A4}.Debug|Any CPU.Build.0 = Debug|Any CPU
		{7873290B-3668-490D-AA72-3D3471DF24A4}.Release|Any CPU.ActiveCfg = Release|Any CPU
		{7873290B-3668-490D-AA72-3D3471DF24A4}.Release|Any CPU.Build.0 = Release|Any CPU
		{73715127-2001-4AB1-9F3F-C5B9146C78B6}.Debug|Any CPU.ActiveCfg = Debug|Any CPU
		{73715127-2001-4AB1-9F3F-C5B9146C78B6}.Debug|Any CPU.Build.0 = Debug|Any CPU
		{73715127-2001-4AB1-9F3F-C5B9146C78B6}.Release|Any CPU.ActiveCfg = Release|Any CPU
		{73715127-2001-4AB1-9F3F-C5B9146C78B6}.Release|Any CPU.Build.0 = Release|Any CPU
	EndGlobalSection
	GlobalSection(SolutionProperties) = preSolution
		HideSolutionNode = FALSE
	EndGlobalSection
	GlobalSection(NestedProjects) = preSolution
		{5973CE6D-C732-482A-AE0B-5A27EA8A9B8A} = {AFBABA5A-05F9-4D57-A2E8-DD6B092F477A}
		{9DA1BCD3-F7A0-4001-AF5A-ADCAA25BEC8C} = {AFBABA5A-05F9-4D57-A2E8-DD6B092F477A}
		{AE498F46-289F-4B11-8503-DBF400E8FB69} = {AFBABA5A-05F9-4D57-A2E8-DD6B092F477A}
	EndGlobalSection
	GlobalSection(ExtensibilityGlobals) = postSolution
		SolutionGuid = {0A2D1CDA-2579-4A6B-B05E-8259093F5B4A}
	EndGlobalSection
EndGlobal
